// !$*UTF8*$!
{
	archiveVersion = 1;
	classes = {
	};
	objectVersion = 46;
	objects = {

/* Begin PBXBuildFile section */
		177157111EF9706F008CD49D /* AccountViewController.swift in Sources */ = {isa = PBXBuildFile; fileRef = 177157091EF9706F008CD49D /* AccountViewController.swift */; };
		177157121EF9706F008CD49D /* GuessViewController.swift in Sources */ = {isa = PBXBuildFile; fileRef = 1771570A1EF9706F008CD49D /* GuessViewController.swift */; };
		177157131EF9706F008CD49D /* HomeViewController.swift in Sources */ = {isa = PBXBuildFile; fileRef = 1771570C1EF9706F008CD49D /* HomeViewController.swift */; };
		177157141EF9706F008CD49D /* NewsViewController.swift in Sources */ = {isa = PBXBuildFile; fileRef = 1771570D1EF9706F008CD49D /* NewsViewController.swift */; };
		177157151EF9706F008CD49D /* ShopFinishViewController.swift in Sources */ = {isa = PBXBuildFile; fileRef = 1771570F1EF9706F008CD49D /* ShopFinishViewController.swift */; };
		177157161EF9706F008CD49D /* ShopViewController.swift in Sources */ = {isa = PBXBuildFile; fileRef = 177157101EF9706F008CD49D /* ShopViewController.swift */; };
		1771571C1EF97084008CD49D /* ShopTypeCell.swift in Sources */ = {isa = PBXBuildFile; fileRef = 177157171EF97084008CD49D /* ShopTypeCell.swift */; };
		1771571D1EF97084008CD49D /* ShopSelectView.swift in Sources */ = {isa = PBXBuildFile; fileRef = 177157181EF97084008CD49D /* ShopSelectView.swift */; };
		1771571E1EF97084008CD49D /* ShopGoodsCell.swift in Sources */ = {isa = PBXBuildFile; fileRef = 177157191EF97084008CD49D /* ShopGoodsCell.swift */; };
		1771571F1EF97084008CD49D /* homeCell.xib in Resources */ = {isa = PBXBuildFile; fileRef = 1771571A1EF97084008CD49D /* homeCell.xib */; };
		177157201EF97084008CD49D /* homeCell.swift in Sources */ = {isa = PBXBuildFile; fileRef = 1771571B1EF97084008CD49D /* homeCell.swift */; };
		177157841EF9709B008CD49D /* BaseNavController.swift in Sources */ = {isa = PBXBuildFile; fileRef = 177157221EF9709B008CD49D /* BaseNavController.swift */; };
		177157851EF9709B008CD49D /* BaseTabBarController.swift in Sources */ = {isa = PBXBuildFile; fileRef = 177157231EF9709B008CD49D /* BaseTabBarController.swift */; };
		177157861EF9709B008CD49D /* HMSegmentedControl.m in Sources */ = {isa = PBXBuildFile; fileRef = 177157261EF9709B008CD49D /* HMSegmentedControl.m */; };
		177157871EF9709B008CD49D /* MJRefreshAutoFooter.m in Sources */ = {isa = PBXBuildFile; fileRef = 1771572A1EF9709B008CD49D /* MJRefreshAutoFooter.m */; };
		177157881EF9709B008CD49D /* MJRefreshBackFooter.m in Sources */ = {isa = PBXBuildFile; fileRef = 1771572C1EF9709B008CD49D /* MJRefreshBackFooter.m */; };
		177157891EF9709B008CD49D /* MJRefreshComponent.m in Sources */ = {isa = PBXBuildFile; fileRef = 1771572E1EF9709B008CD49D /* MJRefreshComponent.m */; };
		1771578A1EF9709B008CD49D /* MJRefreshFooter.m in Sources */ = {isa = PBXBuildFile; fileRef = 177157301EF9709B008CD49D /* MJRefreshFooter.m */; };
		1771578B1EF9709B008CD49D /* MJRefreshHeader.m in Sources */ = {isa = PBXBuildFile; fileRef = 177157321EF9709B008CD49D /* MJRefreshHeader.m */; };
		1771578C1EF9709B008CD49D /* MJRefreshAutoGifFooter.m in Sources */ = {isa = PBXBuildFile; fileRef = 177157371EF9709B008CD49D /* MJRefreshAutoGifFooter.m */; };
		1771578D1EF9709B008CD49D /* MJRefreshAutoNormalFooter.m in Sources */ = {isa = PBXBuildFile; fileRef = 177157391EF9709B008CD49D /* MJRefreshAutoNormalFooter.m */; };
		1771578E1EF9709B008CD49D /* MJRefreshAutoStateFooter.m in Sources */ = {isa = PBXBuildFile; fileRef = 1771573B1EF9709B008CD49D /* MJRefreshAutoStateFooter.m */; };
		1771578F1EF9709B008CD49D /* MJRefreshBackGifFooter.m in Sources */ = {isa = PBXBuildFile; fileRef = 1771573E1EF9709B008CD49D /* MJRefreshBackGifFooter.m */; };
		177157901EF9709B008CD49D /* MJRefreshBackNormalFooter.m in Sources */ = {isa = PBXBuildFile; fileRef = 177157401EF9709B008CD49D /* MJRefreshBackNormalFooter.m */; };
		177157911EF9709B008CD49D /* MJRefreshBackStateFooter.m in Sources */ = {isa = PBXBuildFile; fileRef = 177157421EF9709B008CD49D /* MJRefreshBackStateFooter.m */; };
		177157921EF9709B008CD49D /* MJRefreshGifHeader.m in Sources */ = {isa = PBXBuildFile; fileRef = 177157451EF9709B008CD49D /* MJRefreshGifHeader.m */; };
		177157931EF9709B008CD49D /* MJRefreshNormalHeader.m in Sources */ = {isa = PBXBuildFile; fileRef = 177157471EF9709B008CD49D /* MJRefreshNormalHeader.m */; };
		177157941EF9709B008CD49D /* MJRefreshStateHeader.m in Sources */ = {isa = PBXBuildFile; fileRef = 177157491EF9709B008CD49D /* MJRefreshStateHeader.m */; };
		177157951EF9709B008CD49D /* MJRefresh.bundle in Resources */ = {isa = PBXBuildFile; fileRef = 1771574A1EF9709B008CD49D /* MJRefresh.bundle */; };
		177157961EF9709B008CD49D /* MJRefreshConst.m in Sources */ = {isa = PBXBuildFile; fileRef = 1771574D1EF9709B008CD49D /* MJRefreshConst.m */; };
		177157971EF9709B008CD49D /* NSBundle+MJRefresh.m in Sources */ = {isa = PBXBuildFile; fileRef = 1771574F1EF9709B008CD49D /* NSBundle+MJRefresh.m */; };
		177157981EF9709B008CD49D /* UIScrollView+MJExtension.m in Sources */ = {isa = PBXBuildFile; fileRef = 177157511EF9709B008CD49D /* UIScrollView+MJExtension.m */; };
		177157991EF9709B008CD49D /* UIScrollView+MJRefresh.m in Sources */ = {isa = PBXBuildFile; fileRef = 177157531EF9709B008CD49D /* UIScrollView+MJRefresh.m */; };
		1771579A1EF9709B008CD49D /* UIView+MJExtension.m in Sources */ = {isa = PBXBuildFile; fileRef = 177157551EF9709B008CD49D /* UIView+MJExtension.m */; };
		1771579B1EF9709B008CD49D /* NJKWebViewProgress.m in Sources */ = {isa = PBXBuildFile; fileRef = 177157581EF9709B008CD49D /* NJKWebViewProgress.m */; };
		1771579C1EF9709B008CD49D /* NJKWebViewProgressView.m in Sources */ = {isa = PBXBuildFile; fileRef = 1771575A1EF9709B008CD49D /* NJKWebViewProgressView.m */; };
		1771579D1EF9709B008CD49D /* Constraint.swift in Sources */ = {isa = PBXBuildFile; fileRef = 1771575C1EF9709B008CD49D /* Constraint.swift */; };
		1771579E1EF9709B008CD49D /* ConstraintAttributes.swift in Sources */ = {isa = PBXBuildFile; fileRef = 1771575D1EF9709B008CD49D /* ConstraintAttributes.swift */; };
		1771579F1EF9709B008CD49D /* ConstraintConfig.swift in Sources */ = {isa = PBXBuildFile; fileRef = 1771575E1EF9709B008CD49D /* ConstraintConfig.swift */; };
		177157A01EF9709B008CD49D /* ConstraintConstantTarget.swift in Sources */ = {isa = PBXBuildFile; fileRef = 1771575F1EF9709B008CD49D /* ConstraintConstantTarget.swift */; };
		177157A11EF9709B008CD49D /* ConstraintDescription.swift in Sources */ = {isa = PBXBuildFile; fileRef = 177157601EF9709B008CD49D /* ConstraintDescription.swift */; };
		177157A21EF9709B008CD49D /* ConstraintDSL.swift in Sources */ = {isa = PBXBuildFile; fileRef = 177157611EF9709B008CD49D /* ConstraintDSL.swift */; };
		177157A31EF9709B008CD49D /* ConstraintInsets.swift in Sources */ = {isa = PBXBuildFile; fileRef = 177157621EF9709B008CD49D /* ConstraintInsets.swift */; };
		177157A41EF9709B008CD49D /* ConstraintInsetTarget.swift in Sources */ = {isa = PBXBuildFile; fileRef = 177157631EF9709B008CD49D /* ConstraintInsetTarget.swift */; };
		177157A51EF9709B008CD49D /* ConstraintItem.swift in Sources */ = {isa = PBXBuildFile; fileRef = 177157641EF9709B008CD49D /* ConstraintItem.swift */; };
		177157A61EF9709B008CD49D /* ConstraintLayoutGuide+Extensions.swift in Sources */ = {isa = PBXBuildFile; fileRef = 177157651EF9709B008CD49D /* ConstraintLayoutGuide+Extensions.swift */; };
		177157A71EF9709B008CD49D /* ConstraintLayoutGuide.swift in Sources */ = {isa = PBXBuildFile; fileRef = 177157661EF9709B008CD49D /* ConstraintLayoutGuide.swift */; };
		177157A81EF9709B008CD49D /* ConstraintLayoutGuideDSL.swift in Sources */ = {isa = PBXBuildFile; fileRef = 177157671EF9709B008CD49D /* ConstraintLayoutGuideDSL.swift */; };
		177157A91EF9709B008CD49D /* ConstraintLayoutSupport.swift in Sources */ = {isa = PBXBuildFile; fileRef = 177157681EF9709B008CD49D /* ConstraintLayoutSupport.swift */; };
		177157AA1EF9709B008CD49D /* ConstraintLayoutSupportDSL.swift in Sources */ = {isa = PBXBuildFile; fileRef = 177157691EF9709B008CD49D /* ConstraintLayoutSupportDSL.swift */; };
		177157AB1EF9709B008CD49D /* ConstraintMaker.swift in Sources */ = {isa = PBXBuildFile; fileRef = 1771576A1EF9709B008CD49D /* ConstraintMaker.swift */; };
		177157AC1EF9709B008CD49D /* ConstraintMakerEditable.swift in Sources */ = {isa = PBXBuildFile; fileRef = 1771576B1EF9709B008CD49D /* ConstraintMakerEditable.swift */; };
		177157AD1EF9709B008CD49D /* ConstraintMakerExtendable.swift in Sources */ = {isa = PBXBuildFile; fileRef = 1771576C1EF9709B008CD49D /* ConstraintMakerExtendable.swift */; };
		177157AE1EF9709B008CD49D /* ConstraintMakerFinalizable.swift in Sources */ = {isa = PBXBuildFile; fileRef = 1771576D1EF9709B008CD49D /* ConstraintMakerFinalizable.swift */; };
		177157AF1EF9709B008CD49D /* ConstraintMakerPriortizable.swift in Sources */ = {isa = PBXBuildFile; fileRef = 1771576E1EF9709B008CD49D /* ConstraintMakerPriortizable.swift */; };
		177157B01EF9709B008CD49D /* ConstraintMakerRelatable.swift in Sources */ = {isa = PBXBuildFile; fileRef = 1771576F1EF9709B008CD49D /* ConstraintMakerRelatable.swift */; };
		177157B11EF9709B008CD49D /* ConstraintMultiplierTarget.swift in Sources */ = {isa = PBXBuildFile; fileRef = 177157701EF9709B008CD49D /* ConstraintMultiplierTarget.swift */; };
		177157B21EF9709B008CD49D /* ConstraintOffsetTarget.swift in Sources */ = {isa = PBXBuildFile; fileRef = 177157711EF9709B008CD49D /* ConstraintOffsetTarget.swift */; };
		177157B31EF9709B008CD49D /* ConstraintPriority.swift in Sources */ = {isa = PBXBuildFile; fileRef = 177157721EF9709B008CD49D /* ConstraintPriority.swift */; };
		177157B41EF9709B008CD49D /* ConstraintPriorityTarget.swift in Sources */ = {isa = PBXBuildFile; fileRef = 177157731EF9709B008CD49D /* ConstraintPriorityTarget.swift */; };
		177157B51EF9709B008CD49D /* ConstraintRelatableTarget.swift in Sources */ = {isa = PBXBuildFile; fileRef = 177157741EF9709B008CD49D /* ConstraintRelatableTarget.swift */; };
		177157B61EF9709B008CD49D /* ConstraintRelation.swift in Sources */ = {isa = PBXBuildFile; fileRef = 177157751EF9709B008CD49D /* ConstraintRelation.swift */; };
		177157B71EF9709B008CD49D /* ConstraintView+Extensions.swift in Sources */ = {isa = PBXBuildFile; fileRef = 177157761EF9709B008CD49D /* ConstraintView+Extensions.swift */; };
		177157B81EF9709B008CD49D /* ConstraintView.swift in Sources */ = {isa = PBXBuildFile; fileRef = 177157771EF9709B008CD49D /* ConstraintView.swift */; };
		177157B91EF9709B008CD49D /* ConstraintViewDSL.swift in Sources */ = {isa = PBXBuildFile; fileRef = 177157781EF9709B008CD49D /* ConstraintViewDSL.swift */; };
		177157BA1EF9709B008CD49D /* Debugging.swift in Sources */ = {isa = PBXBuildFile; fileRef = 177157791EF9709B008CD49D /* Debugging.swift */; };
		177157BB1EF9709B008CD49D /* Info.plist in Resources */ = {isa = PBXBuildFile; fileRef = 1771577A1EF9709B008CD49D /* Info.plist */; };
		177157BC1EF9709B008CD49D /* LayoutConstraint.swift in Sources */ = {isa = PBXBuildFile; fileRef = 1771577B1EF9709B008CD49D /* LayoutConstraint.swift */; };
		177157BD1EF9709B008CD49D /* LayoutConstraintItem.swift in Sources */ = {isa = PBXBuildFile; fileRef = 1771577C1EF9709B008CD49D /* LayoutConstraintItem.swift */; };
		177157BE1EF9709B008CD49D /* UILayoutSupport+Extensions.swift in Sources */ = {isa = PBXBuildFile; fileRef = 1771577E1EF9709B008CD49D /* UILayoutSupport+Extensions.swift */; };
		177157BF1EF9709B008CD49D /* UIKitEx.swift in Sources */ = {isa = PBXBuildFile; fileRef = 1771577F1EF9709B008CD49D /* UIKitEx.swift */; };
		177157C01EF9709B008CD49D /* XRCarouselView.m in Sources */ = {isa = PBXBuildFile; fileRef = 177157821EF9709B008CD49D /* XRCarouselView.m */; };
		177157C11EF9709B008CD49D /* XRPlaceholder.png in Resources */ = {isa = PBXBuildFile; fileRef = 177157831EF9709B008CD49D /* XRPlaceholder.png */; };
		2C644E061EE70FAC00B581DD /* HomeStoryboard.storyboard in Resources */ = {isa = PBXBuildFile; fileRef = 2C644E051EE70FAC00B581DD /* HomeStoryboard.storyboard */; };
		2C6F7A371EDECEF4008268BE /* AppDelegate.swift in Sources */ = {isa = PBXBuildFile; fileRef = 2C6F7A361EDECEF4008268BE /* AppDelegate.swift */; };
		2C6F7A3C1EDECEF4008268BE /* Main.storyboard in Resources */ = {isa = PBXBuildFile; fileRef = 2C6F7A3A1EDECEF4008268BE /* Main.storyboard */; };
		2C6F7A3E1EDECEF4008268BE /* Assets.xcassets in Resources */ = {isa = PBXBuildFile; fileRef = 2C6F7A3D1EDECEF4008268BE /* Assets.xcassets */; };
		2C6F7A411EDECEF4008268BE /* LaunchScreen.storyboard in Resources */ = {isa = PBXBuildFile; fileRef = 2C6F7A3F1EDECEF4008268BE /* LaunchScreen.storyboard */; };
		2CDD5C191EE6990B00BED69B /* QuartzCore.framework in Frameworks */ = {isa = PBXBuildFile; fileRef = 2CDD5C181EE6990B00BED69B /* QuartzCore.framework */; };
/* End PBXBuildFile section */

/* Begin PBXFileReference section */
		177157091EF9706F008CD49D /* AccountViewController.swift */ = {isa = PBXFileReference; fileEncoding = 4; lastKnownFileType = sourcecode.swift; path = AccountViewController.swift; sourceTree = "<group>"; };
		1771570A1EF9706F008CD49D /* GuessViewController.swift */ = {isa = PBXFileReference; fileEncoding = 4; lastKnownFileType = sourcecode.swift; path = GuessViewController.swift; sourceTree = "<group>"; };
		1771570C1EF9706F008CD49D /* HomeViewController.swift */ = {isa = PBXFileReference; fileEncoding = 4; lastKnownFileType = sourcecode.swift; path = HomeViewController.swift; sourceTree = "<group>"; };
		1771570D1EF9706F008CD49D /* NewsViewController.swift */ = {isa = PBXFileReference; fileEncoding = 4; lastKnownFileType = sourcecode.swift; path = NewsViewController.swift; sourceTree = "<group>"; };
		1771570F1EF9706F008CD49D /* ShopFinishViewController.swift */ = {isa = PBXFileReference; fileEncoding = 4; lastKnownFileType = sourcecode.swift; path = ShopFinishViewController.swift; sourceTree = "<group>"; };
		177157101EF9706F008CD49D /* ShopViewController.swift */ = {isa = PBXFileReference; fileEncoding = 4; lastKnownFileType = sourcecode.swift; path = ShopViewController.swift; sourceTree = "<group>"; };
		177157171EF97084008CD49D /* ShopTypeCell.swift */ = {isa = PBXFileReference; fileEncoding = 4; lastKnownFileType = sourcecode.swift; name = ShopTypeCell.swift; path = View/ShopTypeCell.swift; sourceTree = "<group>"; };
		177157181EF97084008CD49D /* ShopSelectView.swift */ = {isa = PBXFileReference; fileEncoding = 4; lastKnownFileType = sourcecode.swift; name = ShopSelectView.swift; path = View/ShopSelectView.swift; sourceTree = "<group>"; };
		177157191EF97084008CD49D /* ShopGoodsCell.swift */ = {isa = PBXFileReference; fileEncoding = 4; lastKnownFileType = sourcecode.swift; name = ShopGoodsCell.swift; path = View/ShopGoodsCell.swift; sourceTree = "<group>"; };
		1771571A1EF97084008CD49D /* homeCell.xib */ = {isa = PBXFileReference; fileEncoding = 4; lastKnownFileType = file.xib; name = homeCell.xib; path = View/homeCell.xib; sourceTree = "<group>"; };
		1771571B1EF97084008CD49D /* homeCell.swift */ = {isa = PBXFileReference; fileEncoding = 4; lastKnownFileType = sourcecode.swift; name = homeCell.swift; path = View/homeCell.swift; sourceTree = "<group>"; };
		177157221EF9709B008CD49D /* BaseNavController.swift */ = {isa = PBXFileReference; fileEncoding = 4; lastKnownFileType = sourcecode.swift; path = BaseNavController.swift; sourceTree = "<group>"; };
		177157231EF9709B008CD49D /* BaseTabBarController.swift */ = {isa = PBXFileReference; fileEncoding = 4; lastKnownFileType = sourcecode.swift; path = BaseTabBarController.swift; sourceTree = "<group>"; };
		177157251EF9709B008CD49D /* HMSegmentedControl.h */ = {isa = PBXFileReference; fileEncoding = 4; lastKnownFileType = sourcecode.c.h; path = HMSegmentedControl.h; sourceTree = "<group>"; };
		177157261EF9709B008CD49D /* HMSegmentedControl.m */ = {isa = PBXFileReference; fileEncoding = 4; lastKnownFileType = sourcecode.c.objc; path = HMSegmentedControl.m; sourceTree = "<group>"; };
		177157291EF9709B008CD49D /* MJRefreshAutoFooter.h */ = {isa = PBXFileReference; fileEncoding = 4; lastKnownFileType = sourcecode.c.h; path = MJRefreshAutoFooter.h; sourceTree = "<group>"; };
		1771572A1EF9709B008CD49D /* MJRefreshAutoFooter.m */ = {isa = PBXFileReference; fileEncoding = 4; lastKnownFileType = sourcecode.c.objc; path = MJRefreshAutoFooter.m; sourceTree = "<group>"; };
		1771572B1EF9709B008CD49D /* MJRefreshBackFooter.h */ = {isa = PBXFileReference; fileEncoding = 4; lastKnownFileType = sourcecode.c.h; path = MJRefreshBackFooter.h; sourceTree = "<group>"; };
		1771572C1EF9709B008CD49D /* MJRefreshBackFooter.m */ = {isa = PBXFileReference; fileEncoding = 4; lastKnownFileType = sourcecode.c.objc; path = MJRefreshBackFooter.m; sourceTree = "<group>"; };
		1771572D1EF9709B008CD49D /* MJRefreshComponent.h */ = {isa = PBXFileReference; fileEncoding = 4; lastKnownFileType = sourcecode.c.h; path = MJRefreshComponent.h; sourceTree = "<group>"; };
		1771572E1EF9709B008CD49D /* MJRefreshComponent.m */ = {isa = PBXFileReference; fileEncoding = 4; lastKnownFileType = sourcecode.c.objc; path = MJRefreshComponent.m; sourceTree = "<group>"; };
		1771572F1EF9709B008CD49D /* MJRefreshFooter.h */ = {isa = PBXFileReference; fileEncoding = 4; lastKnownFileType = sourcecode.c.h; path = MJRefreshFooter.h; sourceTree = "<group>"; };
		177157301EF9709B008CD49D /* MJRefreshFooter.m */ = {isa = PBXFileReference; fileEncoding = 4; lastKnownFileType = sourcecode.c.objc; path = MJRefreshFooter.m; sourceTree = "<group>"; };
		177157311EF9709B008CD49D /* MJRefreshHeader.h */ = {isa = PBXFileReference; fileEncoding = 4; lastKnownFileType = sourcecode.c.h; path = MJRefreshHeader.h; sourceTree = "<group>"; };
		177157321EF9709B008CD49D /* MJRefreshHeader.m */ = {isa = PBXFileReference; fileEncoding = 4; lastKnownFileType = sourcecode.c.objc; path = MJRefreshHeader.m; sourceTree = "<group>"; };
		177157361EF9709B008CD49D /* MJRefreshAutoGifFooter.h */ = {isa = PBXFileReference; fileEncoding = 4; lastKnownFileType = sourcecode.c.h; path = MJRefreshAutoGifFooter.h; sourceTree = "<group>"; };
		177157371EF9709B008CD49D /* MJRefreshAutoGifFooter.m */ = {isa = PBXFileReference; fileEncoding = 4; lastKnownFileType = sourcecode.c.objc; path = MJRefreshAutoGifFooter.m; sourceTree = "<group>"; };
		177157381EF9709B008CD49D /* MJRefreshAutoNormalFooter.h */ = {isa = PBXFileReference; fileEncoding = 4; lastKnownFileType = sourcecode.c.h; path = MJRefreshAutoNormalFooter.h; sourceTree = "<group>"; };
		177157391EF9709B008CD49D /* MJRefreshAutoNormalFooter.m */ = {isa = PBXFileReference; fileEncoding = 4; lastKnownFileType = sourcecode.c.objc; path = MJRefreshAutoNormalFooter.m; sourceTree = "<group>"; };
		1771573A1EF9709B008CD49D /* MJRefreshAutoStateFooter.h */ = {isa = PBXFileReference; fileEncoding = 4; lastKnownFileType = sourcecode.c.h; path = MJRefreshAutoStateFooter.h; sourceTree = "<group>"; };
		1771573B1EF9709B008CD49D /* MJRefreshAutoStateFooter.m */ = {isa = PBXFileReference; fileEncoding = 4; lastKnownFileType = sourcecode.c.objc; path = MJRefreshAutoStateFooter.m; sourceTree = "<group>"; };
		1771573D1EF9709B008CD49D /* MJRefreshBackGifFooter.h */ = {isa = PBXFileReference; fileEncoding = 4; lastKnownFileType = sourcecode.c.h; path = MJRefreshBackGifFooter.h; sourceTree = "<group>"; };
		1771573E1EF9709B008CD49D /* MJRefreshBackGifFooter.m */ = {isa = PBXFileReference; fileEncoding = 4; lastKnownFileType = sourcecode.c.objc; path = MJRefreshBackGifFooter.m; sourceTree = "<group>"; };
		1771573F1EF9709B008CD49D /* MJRefreshBackNormalFooter.h */ = {isa = PBXFileReference; fileEncoding = 4; lastKnownFileType = sourcecode.c.h; path = MJRefreshBackNormalFooter.h; sourceTree = "<group>"; };
		177157401EF9709B008CD49D /* MJRefreshBackNormalFooter.m */ = {isa = PBXFileReference; fileEncoding = 4; lastKnownFileType = sourcecode.c.objc; path = MJRefreshBackNormalFooter.m; sourceTree = "<group>"; };
		177157411EF9709B008CD49D /* MJRefreshBackStateFooter.h */ = {isa = PBXFileReference; fileEncoding = 4; lastKnownFileType = sourcecode.c.h; path = MJRefreshBackStateFooter.h; sourceTree = "<group>"; };
		177157421EF9709B008CD49D /* MJRefreshBackStateFooter.m */ = {isa = PBXFileReference; fileEncoding = 4; lastKnownFileType = sourcecode.c.objc; path = MJRefreshBackStateFooter.m; sourceTree = "<group>"; };
		177157441EF9709B008CD49D /* MJRefreshGifHeader.h */ = {isa = PBXFileReference; fileEncoding = 4; lastKnownFileType = sourcecode.c.h; path = MJRefreshGifHeader.h; sourceTree = "<group>"; };
		177157451EF9709B008CD49D /* MJRefreshGifHeader.m */ = {isa = PBXFileReference; fileEncoding = 4; lastKnownFileType = sourcecode.c.objc; path = MJRefreshGifHeader.m; sourceTree = "<group>"; };
		177157461EF9709B008CD49D /* MJRefreshNormalHeader.h */ = {isa = PBXFileReference; fileEncoding = 4; lastKnownFileType = sourcecode.c.h; path = MJRefreshNormalHeader.h; sourceTree = "<group>"; };
		177157471EF9709B008CD49D /* MJRefreshNormalHeader.m */ = {isa = PBXFileReference; fileEncoding = 4; lastKnownFileType = sourcecode.c.objc; path = MJRefreshNormalHeader.m; sourceTree = "<group>"; };
		177157481EF9709B008CD49D /* MJRefreshStateHeader.h */ = {isa = PBXFileReference; fileEncoding = 4; lastKnownFileType = sourcecode.c.h; path = MJRefreshStateHeader.h; sourceTree = "<group>"; };
		177157491EF9709B008CD49D /* MJRefreshStateHeader.m */ = {isa = PBXFileReference; fileEncoding = 4; lastKnownFileType = sourcecode.c.objc; path = MJRefreshStateHeader.m; sourceTree = "<group>"; };
		1771574A1EF9709B008CD49D /* MJRefresh.bundle */ = {isa = PBXFileReference; lastKnownFileType = "wrapper.plug-in"; path = MJRefresh.bundle; sourceTree = "<group>"; };
		1771574B1EF9709B008CD49D /* MJRefresh.h */ = {isa = PBXFileReference; fileEncoding = 4; lastKnownFileType = sourcecode.c.h; path = MJRefresh.h; sourceTree = "<group>"; };
		1771574C1EF9709B008CD49D /* MJRefreshConst.h */ = {isa = PBXFileReference; fileEncoding = 4; lastKnownFileType = sourcecode.c.h; path = MJRefreshConst.h; sourceTree = "<group>"; };
		1771574D1EF9709B008CD49D /* MJRefreshConst.m */ = {isa = PBXFileReference; fileEncoding = 4; lastKnownFileType = sourcecode.c.objc; path = MJRefreshConst.m; sourceTree = "<group>"; };
		1771574E1EF9709B008CD49D /* NSBundle+MJRefresh.h */ = {isa = PBXFileReference; fileEncoding = 4; lastKnownFileType = sourcecode.c.h; path = "NSBundle+MJRefresh.h"; sourceTree = "<group>"; };
		1771574F1EF9709B008CD49D /* NSBundle+MJRefresh.m */ = {isa = PBXFileReference; fileEncoding = 4; lastKnownFileType = sourcecode.c.objc; path = "NSBundle+MJRefresh.m"; sourceTree = "<group>"; };
		177157501EF9709B008CD49D /* UIScrollView+MJExtension.h */ = {isa = PBXFileReference; fileEncoding = 4; lastKnownFileType = sourcecode.c.h; path = "UIScrollView+MJExtension.h"; sourceTree = "<group>"; };
		177157511EF9709B008CD49D /* UIScrollView+MJExtension.m */ = {isa = PBXFileReference; fileEncoding = 4; lastKnownFileType = sourcecode.c.objc; path = "UIScrollView+MJExtension.m"; sourceTree = "<group>"; };
		177157521EF9709B008CD49D /* UIScrollView+MJRefresh.h */ = {isa = PBXFileReference; fileEncoding = 4; lastKnownFileType = sourcecode.c.h; path = "UIScrollView+MJRefresh.h"; sourceTree = "<group>"; };
		177157531EF9709B008CD49D /* UIScrollView+MJRefresh.m */ = {isa = PBXFileReference; fileEncoding = 4; lastKnownFileType = sourcecode.c.objc; path = "UIScrollView+MJRefresh.m"; sourceTree = "<group>"; };
		177157541EF9709B008CD49D /* UIView+MJExtension.h */ = {isa = PBXFileReference; fileEncoding = 4; lastKnownFileType = sourcecode.c.h; path = "UIView+MJExtension.h"; sourceTree = "<group>"; };
		177157551EF9709B008CD49D /* UIView+MJExtension.m */ = {isa = PBXFileReference; fileEncoding = 4; lastKnownFileType = sourcecode.c.objc; path = "UIView+MJExtension.m"; sourceTree = "<group>"; };
		177157571EF9709B008CD49D /* NJKWebViewProgress.h */ = {isa = PBXFileReference; fileEncoding = 4; lastKnownFileType = sourcecode.c.h; path = NJKWebViewProgress.h; sourceTree = "<group>"; };
		177157581EF9709B008CD49D /* NJKWebViewProgress.m */ = {isa = PBXFileReference; fileEncoding = 4; lastKnownFileType = sourcecode.c.objc; path = NJKWebViewProgress.m; sourceTree = "<group>"; };
		177157591EF9709B008CD49D /* NJKWebViewProgressView.h */ = {isa = PBXFileReference; fileEncoding = 4; lastKnownFileType = sourcecode.c.h; path = NJKWebViewProgressView.h; sourceTree = "<group>"; };
		1771575A1EF9709B008CD49D /* NJKWebViewProgressView.m */ = {isa = PBXFileReference; fileEncoding = 4; lastKnownFileType = sourcecode.c.objc; path = NJKWebViewProgressView.m; sourceTree = "<group>"; };
		1771575C1EF9709B008CD49D /* Constraint.swift */ = {isa = PBXFileReference; fileEncoding = 4; lastKnownFileType = sourcecode.swift; path = Constraint.swift; sourceTree = "<group>"; };
		1771575D1EF9709B008CD49D /* ConstraintAttributes.swift */ = {isa = PBXFileReference; fileEncoding = 4; lastKnownFileType = sourcecode.swift; path = ConstraintAttributes.swift; sourceTree = "<group>"; };
		1771575E1EF9709B008CD49D /* ConstraintConfig.swift */ = {isa = PBXFileReference; fileEncoding = 4; lastKnownFileType = sourcecode.swift; path = ConstraintConfig.swift; sourceTree = "<group>"; };
		1771575F1EF9709B008CD49D /* ConstraintConstantTarget.swift */ = {isa = PBXFileReference; fileEncoding = 4; lastKnownFileType = sourcecode.swift; path = ConstraintConstantTarget.swift; sourceTree = "<group>"; };
		177157601EF9709B008CD49D /* ConstraintDescription.swift */ = {isa = PBXFileReference; fileEncoding = 4; lastKnownFileType = sourcecode.swift; path = ConstraintDescription.swift; sourceTree = "<group>"; };
		177157611EF9709B008CD49D /* ConstraintDSL.swift */ = {isa = PBXFileReference; fileEncoding = 4; lastKnownFileType = sourcecode.swift; path = ConstraintDSL.swift; sourceTree = "<group>"; };
		177157621EF9709B008CD49D /* ConstraintInsets.swift */ = {isa = PBXFileReference; fileEncoding = 4; lastKnownFileType = sourcecode.swift; path = ConstraintInsets.swift; sourceTree = "<group>"; };
		177157631EF9709B008CD49D /* ConstraintInsetTarget.swift */ = {isa = PBXFileReference; fileEncoding = 4; lastKnownFileType = sourcecode.swift; path = ConstraintInsetTarget.swift; sourceTree = "<group>"; };
		177157641EF9709B008CD49D /* ConstraintItem.swift */ = {isa = PBXFileReference; fileEncoding = 4; lastKnownFileType = sourcecode.swift; path = ConstraintItem.swift; sourceTree = "<group>"; };
		177157651EF9709B008CD49D /* ConstraintLayoutGuide+Extensions.swift */ = {isa = PBXFileReference; fileEncoding = 4; lastKnownFileType = sourcecode.swift; path = "ConstraintLayoutGuide+Extensions.swift"; sourceTree = "<group>"; };
		177157661EF9709B008CD49D /* ConstraintLayoutGuide.swift */ = {isa = PBXFileReference; fileEncoding = 4; lastKnownFileType = sourcecode.swift; path = ConstraintLayoutGuide.swift; sourceTree = "<group>"; };
		177157671EF9709B008CD49D /* ConstraintLayoutGuideDSL.swift */ = {isa = PBXFileReference; fileEncoding = 4; lastKnownFileType = sourcecode.swift; path = ConstraintLayoutGuideDSL.swift; sourceTree = "<group>"; };
		177157681EF9709B008CD49D /* ConstraintLayoutSupport.swift */ = {isa = PBXFileReference; fileEncoding = 4; lastKnownFileType = sourcecode.swift; path = ConstraintLayoutSupport.swift; sourceTree = "<group>"; };
		177157691EF9709B008CD49D /* ConstraintLayoutSupportDSL.swift */ = {isa = PBXFileReference; fileEncoding = 4; lastKnownFileType = sourcecode.swift; path = ConstraintLayoutSupportDSL.swift; sourceTree = "<group>"; };
		1771576A1EF9709B008CD49D /* ConstraintMaker.swift */ = {isa = PBXFileReference; fileEncoding = 4; lastKnownFileType = sourcecode.swift; path = ConstraintMaker.swift; sourceTree = "<group>"; };
		1771576B1EF9709B008CD49D /* ConstraintMakerEditable.swift */ = {isa = PBXFileReference; fileEncoding = 4; lastKnownFileType = sourcecode.swift; path = ConstraintMakerEditable.swift; sourceTree = "<group>"; };
		1771576C1EF9709B008CD49D /* ConstraintMakerExtendable.swift */ = {isa = PBXFileReference; fileEncoding = 4; lastKnownFileType = sourcecode.swift; path = ConstraintMakerExtendable.swift; sourceTree = "<group>"; };
		1771576D1EF9709B008CD49D /* ConstraintMakerFinalizable.swift */ = {isa = PBXFileReference; fileEncoding = 4; lastKnownFileType = sourcecode.swift; path = ConstraintMakerFinalizable.swift; sourceTree = "<group>"; };
		1771576E1EF9709B008CD49D /* ConstraintMakerPriortizable.swift */ = {isa = PBXFileReference; fileEncoding = 4; lastKnownFileType = sourcecode.swift; path = ConstraintMakerPriortizable.swift; sourceTree = "<group>"; };
		1771576F1EF9709B008CD49D /* ConstraintMakerRelatable.swift */ = {isa = PBXFileReference; fileEncoding = 4; lastKnownFileType = sourcecode.swift; path = ConstraintMakerRelatable.swift; sourceTree = "<group>"; };
		177157701EF9709B008CD49D /* ConstraintMultiplierTarget.swift */ = {isa = PBXFileReference; fileEncoding = 4; lastKnownFileType = sourcecode.swift; path = ConstraintMultiplierTarget.swift; sourceTree = "<group>"; };
		177157711EF9709B008CD49D /* ConstraintOffsetTarget.swift */ = {isa = PBXFileReference; fileEncoding = 4; lastKnownFileType = sourcecode.swift; path = ConstraintOffsetTarget.swift; sourceTree = "<group>"; };
		177157721EF9709B008CD49D /* ConstraintPriority.swift */ = {isa = PBXFileReference; fileEncoding = 4; lastKnownFileType = sourcecode.swift; path = ConstraintPriority.swift; sourceTree = "<group>"; };
		177157731EF9709B008CD49D /* ConstraintPriorityTarget.swift */ = {isa = PBXFileReference; fileEncoding = 4; lastKnownFileType = sourcecode.swift; path = ConstraintPriorityTarget.swift; sourceTree = "<group>"; };
		177157741EF9709B008CD49D /* ConstraintRelatableTarget.swift */ = {isa = PBXFileReference; fileEncoding = 4; lastKnownFileType = sourcecode.swift; path = ConstraintRelatableTarget.swift; sourceTree = "<group>"; };
		177157751EF9709B008CD49D /* ConstraintRelation.swift */ = {isa = PBXFileReference; fileEncoding = 4; lastKnownFileType = sourcecode.swift; path = ConstraintRelation.swift; sourceTree = "<group>"; };
		177157761EF9709B008CD49D /* ConstraintView+Extensions.swift */ = {isa = PBXFileReference; fileEncoding = 4; lastKnownFileType = sourcecode.swift; path = "ConstraintView+Extensions.swift"; sourceTree = "<group>"; };
		177157771EF9709B008CD49D /* ConstraintView.swift */ = {isa = PBXFileReference; fileEncoding = 4; lastKnownFileType = sourcecode.swift; path = ConstraintView.swift; sourceTree = "<group>"; };
		177157781EF9709B008CD49D /* ConstraintViewDSL.swift */ = {isa = PBXFileReference; fileEncoding = 4; lastKnownFileType = sourcecode.swift; path = ConstraintViewDSL.swift; sourceTree = "<group>"; };
		177157791EF9709B008CD49D /* Debugging.swift */ = {isa = PBXFileReference; fileEncoding = 4; lastKnownFileType = sourcecode.swift; path = Debugging.swift; sourceTree = "<group>"; };
		1771577A1EF9709B008CD49D /* Info.plist */ = {isa = PBXFileReference; fileEncoding = 4; lastKnownFileType = text.plist.xml; path = Info.plist; sourceTree = "<group>"; };
		1771577B1EF9709B008CD49D /* LayoutConstraint.swift */ = {isa = PBXFileReference; fileEncoding = 4; lastKnownFileType = sourcecode.swift; path = LayoutConstraint.swift; sourceTree = "<group>"; };
		1771577C1EF9709B008CD49D /* LayoutConstraintItem.swift */ = {isa = PBXFileReference; fileEncoding = 4; lastKnownFileType = sourcecode.swift; path = LayoutConstraintItem.swift; sourceTree = "<group>"; };
		1771577D1EF9709B008CD49D /* SnapKit.h */ = {isa = PBXFileReference; fileEncoding = 4; lastKnownFileType = sourcecode.c.h; path = SnapKit.h; sourceTree = "<group>"; };
		1771577E1EF9709B008CD49D /* UILayoutSupport+Extensions.swift */ = {isa = PBXFileReference; fileEncoding = 4; lastKnownFileType = sourcecode.swift; path = "UILayoutSupport+Extensions.swift"; sourceTree = "<group>"; };
		1771577F1EF9709B008CD49D /* UIKitEx.swift */ = {isa = PBXFileReference; fileEncoding = 4; lastKnownFileType = sourcecode.swift; path = UIKitEx.swift; sourceTree = "<group>"; };
		177157811EF9709B008CD49D /* XRCarouselView.h */ = {isa = PBXFileReference; fileEncoding = 4; lastKnownFileType = sourcecode.c.h; path = XRCarouselView.h; sourceTree = "<group>"; };
		177157821EF9709B008CD49D /* XRCarouselView.m */ = {isa = PBXFileReference; fileEncoding = 4; lastKnownFileType = sourcecode.c.objc; path = XRCarouselView.m; sourceTree = "<group>"; };
		177157831EF9709B008CD49D /* XRPlaceholder.png */ = {isa = PBXFileReference; lastKnownFileType = image.png; path = XRPlaceholder.png; sourceTree = "<group>"; };
		2C644E051EE70FAC00B581DD /* HomeStoryboard.storyboard */ = {isa = PBXFileReference; fileEncoding = 4; lastKnownFileType = file.storyboard; path = HomeStoryboard.storyboard; sourceTree = "<group>"; };
		2C6F7A331EDECEF4008268BE /* es_club.app */ = {isa = PBXFileReference; explicitFileType = wrapper.application; includeInIndex = 0; path = es_club.app; sourceTree = BUILT_PRODUCTS_DIR; };
		2C6F7A361EDECEF4008268BE /* AppDelegate.swift */ = {isa = PBXFileReference; lastKnownFileType = sourcecode.swift; path = AppDelegate.swift; sourceTree = "<group>"; };
		2C6F7A3B1EDECEF4008268BE /* Base */ = {isa = PBXFileReference; lastKnownFileType = file.storyboard; name = Base; path = Base.lproj/Main.storyboard; sourceTree = "<group>"; };
		2C6F7A3D1EDECEF4008268BE /* Assets.xcassets */ = {isa = PBXFileReference; lastKnownFileType = folder.assetcatalog; path = Assets.xcassets; sourceTree = "<group>"; };
		2C6F7A401EDECEF4008268BE /* Base */ = {isa = PBXFileReference; lastKnownFileType = file.storyboard; name = Base; path = Base.lproj/LaunchScreen.storyboard; sourceTree = "<group>"; };
		2C6F7A421EDECEF4008268BE /* Info.plist */ = {isa = PBXFileReference; lastKnownFileType = text.plist.xml; path = Info.plist; sourceTree = "<group>"; };
		2CDD5C161EE698FD00BED69B /* bridging.h */ = {isa = PBXFileReference; lastKnownFileType = sourcecode.c.h; path = bridging.h; sourceTree = "<group>"; };
		2CDD5C181EE6990B00BED69B /* QuartzCore.framework */ = {isa = PBXFileReference; lastKnownFileType = wrapper.framework; name = QuartzCore.framework; path = System/Library/Frameworks/QuartzCore.framework; sourceTree = SDKROOT; };
/* End PBXFileReference section */

/* Begin PBXFrameworksBuildPhase section */
		2C6F7A301EDECEF4008268BE /* Frameworks */ = {
			isa = PBXFrameworksBuildPhase;
			buildActionMask = 2147483647;
			files = (
				2CDD5C191EE6990B00BED69B /* QuartzCore.framework in Frameworks */,
			);
			runOnlyForDeploymentPostprocessing = 0;
		};
/* End PBXFrameworksBuildPhase section */

/* Begin PBXGroup section */
		177157081EF9706F008CD49D /* Controller */ = {
			isa = PBXGroup;
			children = (
				177157091EF9706F008CD49D /* AccountViewController.swift */,
				1771570A1EF9706F008CD49D /* GuessViewController.swift */,
				1771570B1EF9706F008CD49D /* Home */,
				1771570E1EF9706F008CD49D /* shoping */,
			);
			path = Controller;
			sourceTree = "<group>";
		};
		1771570B1EF9706F008CD49D /* Home */ = {
			isa = PBXGroup;
			children = (
				1771570C1EF9706F008CD49D /* HomeViewController.swift */,
				1771570D1EF9706F008CD49D /* NewsViewController.swift */,
			);
			path = Home;
			sourceTree = "<group>";
		};
		1771570E1EF9706F008CD49D /* shoping */ = {
			isa = PBXGroup;
			children = (
				1771570F1EF9706F008CD49D /* ShopFinishViewController.swift */,
				177157101EF9706F008CD49D /* ShopViewController.swift */,
			);
			path = shoping;
			sourceTree = "<group>";
		};
		177157211EF9709B008CD49D /* Common */ = {
			isa = PBXGroup;
			children = (
				177157221EF9709B008CD49D /* BaseNavController.swift */,
				177157231EF9709B008CD49D /* BaseTabBarController.swift */,
				177157241EF9709B008CD49D /* HMSegmentedControl */,
				177157271EF9709B008CD49D /* MJRefresh */,
				177157561EF9709B008CD49D /* NJKWebViewProgress */,
				1771575B1EF9709B008CD49D /* Source */,
				1771577F1EF9709B008CD49D /* UIKitEx.swift */,
				177157801EF9709B008CD49D /* XRCarouselView */,
			);
			path = Common;
			sourceTree = "<group>";
		};
		177157241EF9709B008CD49D /* HMSegmentedControl */ = {
			isa = PBXGroup;
			children = (
				177157251EF9709B008CD49D /* HMSegmentedControl.h */,
				177157261EF9709B008CD49D /* HMSegmentedControl.m */,
			);
			path = HMSegmentedControl;
			sourceTree = "<group>";
		};
		177157271EF9709B008CD49D /* MJRefresh */ = {
			isa = PBXGroup;
			children = (
				177157281EF9709B008CD49D /* Base */,
				177157331EF9709B008CD49D /* Custom */,
				1771574A1EF9709B008CD49D /* MJRefresh.bundle */,
				1771574B1EF9709B008CD49D /* MJRefresh.h */,
				1771574C1EF9709B008CD49D /* MJRefreshConst.h */,
				1771574D1EF9709B008CD49D /* MJRefreshConst.m */,
				1771574E1EF9709B008CD49D /* NSBundle+MJRefresh.h */,
				1771574F1EF9709B008CD49D /* NSBundle+MJRefresh.m */,
				177157501EF9709B008CD49D /* UIScrollView+MJExtension.h */,
				177157511EF9709B008CD49D /* UIScrollView+MJExtension.m */,
				177157521EF9709B008CD49D /* UIScrollView+MJRefresh.h */,
				177157531EF9709B008CD49D /* UIScrollView+MJRefresh.m */,
				177157541EF9709B008CD49D /* UIView+MJExtension.h */,
				177157551EF9709B008CD49D /* UIView+MJExtension.m */,
			);
			path = MJRefresh;
			sourceTree = "<group>";
		};
		177157281EF9709B008CD49D /* Base */ = {
			isa = PBXGroup;
			children = (
				177157291EF9709B008CD49D /* MJRefreshAutoFooter.h */,
				1771572A1EF9709B008CD49D /* MJRefreshAutoFooter.m */,
				1771572B1EF9709B008CD49D /* MJRefreshBackFooter.h */,
				1771572C1EF9709B008CD49D /* MJRefreshBackFooter.m */,
				1771572D1EF9709B008CD49D /* MJRefreshComponent.h */,
				1771572E1EF9709B008CD49D /* MJRefreshComponent.m */,
				1771572F1EF9709B008CD49D /* MJRefreshFooter.h */,
				177157301EF9709B008CD49D /* MJRefreshFooter.m */,
				177157311EF9709B008CD49D /* MJRefreshHeader.h */,
				177157321EF9709B008CD49D /* MJRefreshHeader.m */,
			);
			path = Base;
			sourceTree = "<group>";
		};
		177157331EF9709B008CD49D /* Custom */ = {
			isa = PBXGroup;
			children = (
				177157341EF9709B008CD49D /* Footer */,
				177157431EF9709B008CD49D /* Header */,
			);
			path = Custom;
			sourceTree = "<group>";
		};
		177157341EF9709B008CD49D /* Footer */ = {
			isa = PBXGroup;
			children = (
				177157351EF9709B008CD49D /* Auto */,
				1771573C1EF9709B008CD49D /* Back */,
			);
			path = Footer;
			sourceTree = "<group>";
		};
		177157351EF9709B008CD49D /* Auto */ = {
			isa = PBXGroup;
			children = (
				177157361EF9709B008CD49D /* MJRefreshAutoGifFooter.h */,
				177157371EF9709B008CD49D /* MJRefreshAutoGifFooter.m */,
				177157381EF9709B008CD49D /* MJRefreshAutoNormalFooter.h */,
				177157391EF9709B008CD49D /* MJRefreshAutoNormalFooter.m */,
				1771573A1EF9709B008CD49D /* MJRefreshAutoStateFooter.h */,
				1771573B1EF9709B008CD49D /* MJRefreshAutoStateFooter.m */,
			);
			path = Auto;
			sourceTree = "<group>";
		};
		1771573C1EF9709B008CD49D /* Back */ = {
			isa = PBXGroup;
			children = (
				1771573D1EF9709B008CD49D /* MJRefreshBackGifFooter.h */,
				1771573E1EF9709B008CD49D /* MJRefreshBackGifFooter.m */,
				1771573F1EF9709B008CD49D /* MJRefreshBackNormalFooter.h */,
				177157401EF9709B008CD49D /* MJRefreshBackNormalFooter.m */,
				177157411EF9709B008CD49D /* MJRefreshBackStateFooter.h */,
				177157421EF9709B008CD49D /* MJRefreshBackStateFooter.m */,
			);
			path = Back;
			sourceTree = "<group>";
		};
		177157431EF9709B008CD49D /* Header */ = {
			isa = PBXGroup;
			children = (
				177157441EF9709B008CD49D /* MJRefreshGifHeader.h */,
				177157451EF9709B008CD49D /* MJRefreshGifHeader.m */,
				177157461EF9709B008CD49D /* MJRefreshNormalHeader.h */,
				177157471EF9709B008CD49D /* MJRefreshNormalHeader.m */,
				177157481EF9709B008CD49D /* MJRefreshStateHeader.h */,
				177157491EF9709B008CD49D /* MJRefreshStateHeader.m */,
			);
			path = Header;
			sourceTree = "<group>";
		};
		177157561EF9709B008CD49D /* NJKWebViewProgress */ = {
			isa = PBXGroup;
			children = (
				177157571EF9709B008CD49D /* NJKWebViewProgress.h */,
				177157581EF9709B008CD49D /* NJKWebViewProgress.m */,
				177157591EF9709B008CD49D /* NJKWebViewProgressView.h */,
				1771575A1EF9709B008CD49D /* NJKWebViewProgressView.m */,
			);
			path = NJKWebViewProgress;
			sourceTree = "<group>";
		};
		1771575B1EF9709B008CD49D /* Source */ = {
			isa = PBXGroup;
			children = (
				1771575C1EF9709B008CD49D /* Constraint.swift */,
				1771575D1EF9709B008CD49D /* ConstraintAttributes.swift */,
				1771575E1EF9709B008CD49D /* ConstraintConfig.swift */,
				1771575F1EF9709B008CD49D /* ConstraintConstantTarget.swift */,
				177157601EF9709B008CD49D /* ConstraintDescription.swift */,
				177157611EF9709B008CD49D /* ConstraintDSL.swift */,
				177157621EF9709B008CD49D /* ConstraintInsets.swift */,
				177157631EF9709B008CD49D /* ConstraintInsetTarget.swift */,
				177157641EF9709B008CD49D /* ConstraintItem.swift */,
				177157651EF9709B008CD49D /* ConstraintLayoutGuide+Extensions.swift */,
				177157661EF9709B008CD49D /* ConstraintLayoutGuide.swift */,
				177157671EF9709B008CD49D /* ConstraintLayoutGuideDSL.swift */,
				177157681EF9709B008CD49D /* ConstraintLayoutSupport.swift */,
				177157691EF9709B008CD49D /* ConstraintLayoutSupportDSL.swift */,
				1771576A1EF9709B008CD49D /* ConstraintMaker.swift */,
				1771576B1EF9709B008CD49D /* ConstraintMakerEditable.swift */,
				1771576C1EF9709B008CD49D /* ConstraintMakerExtendable.swift */,
				1771576D1EF9709B008CD49D /* ConstraintMakerFinalizable.swift */,
				1771576E1EF9709B008CD49D /* ConstraintMakerPriortizable.swift */,
				1771576F1EF9709B008CD49D /* ConstraintMakerRelatable.swift */,
				177157701EF9709B008CD49D /* ConstraintMultiplierTarget.swift */,
				177157711EF9709B008CD49D /* ConstraintOffsetTarget.swift */,
				177157721EF9709B008CD49D /* ConstraintPriority.swift */,
				177157731EF9709B008CD49D /* ConstraintPriorityTarget.swift */,
				177157741EF9709B008CD49D /* ConstraintRelatableTarget.swift */,
				177157751EF9709B008CD49D /* ConstraintRelation.swift */,
				177157761EF9709B008CD49D /* ConstraintView+Extensions.swift */,
				177157771EF9709B008CD49D /* ConstraintView.swift */,
				177157781EF9709B008CD49D /* ConstraintViewDSL.swift */,
				177157791EF9709B008CD49D /* Debugging.swift */,
				1771577A1EF9709B008CD49D /* Info.plist */,
				1771577B1EF9709B008CD49D /* LayoutConstraint.swift */,
				1771577C1EF9709B008CD49D /* LayoutConstraintItem.swift */,
				1771577D1EF9709B008CD49D /* SnapKit.h */,
				1771577E1EF9709B008CD49D /* UILayoutSupport+Extensions.swift */,
			);
			path = Source;
			sourceTree = "<group>";
		};
		177157801EF9709B008CD49D /* XRCarouselView */ = {
			isa = PBXGroup;
			children = (
				177157811EF9709B008CD49D /* XRCarouselView.h */,
				177157821EF9709B008CD49D /* XRCarouselView.m */,
				177157831EF9709B008CD49D /* XRPlaceholder.png */,
			);
			path = XRCarouselView;
			sourceTree = "<group>";
		};
		2C644DFE1EE6F8ED00B581DD /* View */ = {
			isa = PBXGroup;
			children = (
				177157171EF97084008CD49D /* ShopTypeCell.swift */,
				177157181EF97084008CD49D /* ShopSelectView.swift */,
				177157191EF97084008CD49D /* ShopGoodsCell.swift */,
				1771571A1EF97084008CD49D /* homeCell.xib */,
				1771571B1EF97084008CD49D /* homeCell.swift */,
				2C644E051EE70FAC00B581DD /* HomeStoryboard.storyboard */,
			);
			name = View;
			sourceTree = "<group>";
		};
		2C6F7A2A1EDECEF4008268BE = {
			isa = PBXGroup;
			children = (
				2C6F7A351EDECEF4008268BE /* es_club */,
				2C6F7A341EDECEF4008268BE /* Products */,
				2CDD5C171EE6990B00BED69B /* Frameworks */,
			);
			sourceTree = "<group>";
		};
		2C6F7A341EDECEF4008268BE /* Products */ = {
			isa = PBXGroup;
			children = (
				2C6F7A331EDECEF4008268BE /* es_club.app */,
			);
			name = Products;
			sourceTree = "<group>";
		};
		2C6F7A351EDECEF4008268BE /* es_club */ = {
			isa = PBXGroup;
			children = (
				177157211EF9709B008CD49D /* Common */,
				177157081EF9706F008CD49D /* Controller */,
				2C644DFE1EE6F8ED00B581DD /* View */,
				2C6F7A361EDECEF4008268BE /* AppDelegate.swift */,
				2C6F7A3A1EDECEF4008268BE /* Main.storyboard */,
				2C6F7A3D1EDECEF4008268BE /* Assets.xcassets */,
				2C6F7A3F1EDECEF4008268BE /* LaunchScreen.storyboard */,
				2C6F7A421EDECEF4008268BE /* Info.plist */,
				2CDD5C161EE698FD00BED69B /* bridging.h */,
			);
			path = es_club;
			sourceTree = "<group>";
		};
		2CDD5C171EE6990B00BED69B /* Frameworks */ = {
			isa = PBXGroup;
			children = (
				2CDD5C181EE6990B00BED69B /* QuartzCore.framework */,
			);
			name = Frameworks;
			sourceTree = "<group>";
		};
/* End PBXGroup section */

/* Begin PBXNativeTarget section */
		2C6F7A321EDECEF4008268BE /* es_club */ = {
			isa = PBXNativeTarget;
			buildConfigurationList = 2C6F7A451EDECEF4008268BE /* Build configuration list for PBXNativeTarget "es_club" */;
			buildPhases = (
				2C6F7A2F1EDECEF4008268BE /* Sources */,
				2C6F7A301EDECEF4008268BE /* Frameworks */,
				2C6F7A311EDECEF4008268BE /* Resources */,
			);
			buildRules = (
			);
			dependencies = (
			);
			name = es_club;
			productName = es_club;
			productReference = 2C6F7A331EDECEF4008268BE /* es_club.app */;
			productType = "com.apple.product-type.application";
		};
/* End PBXNativeTarget section */

/* Begin PBXProject section */
		2C6F7A2B1EDECEF4008268BE /* Project object */ = {
			isa = PBXProject;
			attributes = {
				LastSwiftUpdateCheck = 0830;
				LastUpgradeCheck = 0830;
				ORGANIZATIONNAME = "岳业骑";
				TargetAttributes = {
					2C6F7A321EDECEF4008268BE = {
						CreatedOnToolsVersion = 8.3.2;
						DevelopmentTeam = N993P5W5S3;
						ProvisioningStyle = Automatic;
					};
				};
			};
			buildConfigurationList = 2C6F7A2E1EDECEF4008268BE /* Build configuration list for PBXProject "es_club" */;
			compatibilityVersion = "Xcode 3.2";
			developmentRegion = English;
			hasScannedForEncodings = 0;
			knownRegions = (
				en,
				Base,
				da,
				de,
				"es-ES",
				es,
				fr,
				ja,
				pt,
				"zh-Hans",
				"zh-Hant",
			);
			mainGroup = 2C6F7A2A1EDECEF4008268BE;
			productRefGroup = 2C6F7A341EDECEF4008268BE /* Products */;
			projectDirPath = "";
			projectRoot = "";
			targets = (
				2C6F7A321EDECEF4008268BE /* es_club */,
			);
		};
/* End PBXProject section */

/* Begin PBXResourcesBuildPhase section */
		2C6F7A311EDECEF4008268BE /* Resources */ = {
			isa = PBXResourcesBuildPhase;
			buildActionMask = 2147483647;
			files = (
				2C6F7A411EDECEF4008268BE /* LaunchScreen.storyboard in Resources */,
				177157C11EF9709B008CD49D /* XRPlaceholder.png in Resources */,
				2C644E061EE70FAC00B581DD /* HomeStoryboard.storyboard in Resources */,
				177157951EF9709B008CD49D /* MJRefresh.bundle in Resources */,
				2C6F7A3E1EDECEF4008268BE /* Assets.xcassets in Resources */,
				1771571F1EF97084008CD49D /* homeCell.xib in Resources */,
				2C6F7A3C1EDECEF4008268BE /* Main.storyboard in Resources */,
				177157BB1EF9709B008CD49D /* Info.plist in Resources */,
			);
			runOnlyForDeploymentPostprocessing = 0;
		};
/* End PBXResourcesBuildPhase section */

/* Begin PBXSourcesBuildPhase section */
		2C6F7A2F1EDECEF4008268BE /* Sources */ = {
			isa = PBXSourcesBuildPhase;
			buildActionMask = 2147483647;
			files = (
				177157AA1EF9709B008CD49D /* ConstraintLayoutSupportDSL.swift in Sources */,
				1771579D1EF9709B008CD49D /* Constraint.swift in Sources */,
				177157931EF9709B008CD49D /* MJRefreshNormalHeader.m in Sources */,
				177157891EF9709B008CD49D /* MJRefreshComponent.m in Sources */,
				177157C01EF9709B008CD49D /* XRCarouselView.m in Sources */,
				177157B11EF9709B008CD49D /* ConstraintMultiplierTarget.swift in Sources */,
				1771579E1EF9709B008CD49D /* ConstraintAttributes.swift in Sources */,
				1771571E1EF97084008CD49D /* ShopGoodsCell.swift in Sources */,
				177157BA1EF9709B008CD49D /* Debugging.swift in Sources */,
				1771571D1EF97084008CD49D /* ShopSelectView.swift in Sources */,
				177157111EF9706F008CD49D /* AccountViewController.swift in Sources */,
				177157B81EF9709B008CD49D /* ConstraintView.swift in Sources */,
				177157861EF9709B008CD49D /* HMSegmentedControl.m in Sources */,
				1771578D1EF9709B008CD49D /* MJRefreshAutoNormalFooter.m in Sources */,
				1771578A1EF9709B008CD49D /* MJRefreshFooter.m in Sources */,
				177157B31EF9709B008CD49D /* ConstraintPriority.swift in Sources */,
				177157B71EF9709B008CD49D /* ConstraintView+Extensions.swift in Sources */,
				177157161EF9706F008CD49D /* ShopViewController.swift in Sources */,
				177157941EF9709B008CD49D /* MJRefreshStateHeader.m in Sources */,
				177157BE1EF9709B008CD49D /* UILayoutSupport+Extensions.swift in Sources */,
				177157A31EF9709B008CD49D /* ConstraintInsets.swift in Sources */,
				1771578C1EF9709B008CD49D /* MJRefreshAutoGifFooter.m in Sources */,
				177157A41EF9709B008CD49D /* ConstraintInsetTarget.swift in Sources */,
				177157A51EF9709B008CD49D /* ConstraintItem.swift in Sources */,
				177157B91EF9709B008CD49D /* ConstraintViewDSL.swift in Sources */,
				177157B01EF9709B008CD49D /* ConstraintMakerRelatable.swift in Sources */,
				177157A61EF9709B008CD49D /* ConstraintLayoutGuide+Extensions.swift in Sources */,
				177157201EF97084008CD49D /* homeCell.swift in Sources */,
				177157991EF9709B008CD49D /* UIScrollView+MJRefresh.m in Sources */,
				177157881EF9709B008CD49D /* MJRefreshBackFooter.m in Sources */,
				177157AB1EF9709B008CD49D /* ConstraintMaker.swift in Sources */,
				177157BF1EF9709B008CD49D /* UIKitEx.swift in Sources */,
				177157B61EF9709B008CD49D /* ConstraintRelation.swift in Sources */,
				177157A21EF9709B008CD49D /* ConstraintDSL.swift in Sources */,
				1771579F1EF9709B008CD49D /* ConstraintConfig.swift in Sources */,
				177157971EF9709B008CD49D /* NSBundle+MJRefresh.m in Sources */,
				177157911EF9709B008CD49D /* MJRefreshBackStateFooter.m in Sources */,
				1771579C1EF9709B008CD49D /* NJKWebViewProgressView.m in Sources */,
				177157AE1EF9709B008CD49D /* ConstraintMakerFinalizable.swift in Sources */,
				177157921EF9709B008CD49D /* MJRefreshGifHeader.m in Sources */,
				2C6F7A371EDECEF4008268BE /* AppDelegate.swift in Sources */,
				1771571C1EF97084008CD49D /* ShopTypeCell.swift in Sources */,
				177157121EF9706F008CD49D /* GuessViewController.swift in Sources */,
				1771579B1EF9709B008CD49D /* NJKWebViewProgress.m in Sources */,
				177157151EF9706F008CD49D /* ShopFinishViewController.swift in Sources */,
				177157AC1EF9709B008CD49D /* ConstraintMakerEditable.swift in Sources */,
				177157BD1EF9709B008CD49D /* LayoutConstraintItem.swift in Sources */,
				177157B21EF9709B008CD49D /* ConstraintOffsetTarget.swift in Sources */,
				177157871EF9709B008CD49D /* MJRefreshAutoFooter.m in Sources */,
				177157961EF9709B008CD49D /* MJRefreshConst.m in Sources */,
				1771578F1EF9709B008CD49D /* MJRefreshBackGifFooter.m in Sources */,
				177157141EF9706F008CD49D /* NewsViewController.swift in Sources */,
				1771578B1EF9709B008CD49D /* MJRefreshHeader.m in Sources */,
				177157A81EF9709B008CD49D /* ConstraintLayoutGuideDSL.swift in Sources */,
				1771578E1EF9709B008CD49D /* MJRefreshAutoStateFooter.m in Sources */,
				177157851EF9709B008CD49D /* BaseTabBarController.swift in Sources */,
				177157901EF9709B008CD49D /* MJRefreshBackNormalFooter.m in Sources */,
				177157A91EF9709B008CD49D /* ConstraintLayoutSupport.swift in Sources */,
				177157841EF9709B008CD49D /* BaseNavController.swift in Sources */,
				177157981EF9709B008CD49D /* UIScrollView+MJExtension.m in Sources */,
				177157BC1EF9709B008CD49D /* LayoutConstraint.swift in Sources */,
				177157B41EF9709B008CD49D /* ConstraintPriorityTarget.swift in Sources */,
				177157A71EF9709B008CD49D /* ConstraintLayoutGuide.swift in Sources */,
				177157A01EF9709B008CD49D /* ConstraintConstantTarget.swift in Sources */,
				1771579A1EF9709B008CD49D /* UIView+MJExtension.m in Sources */,
				177157AF1EF9709B008CD49D /* ConstraintMakerPriortizable.swift in Sources */,
				177157131EF9706F008CD49D /* HomeViewController.swift in Sources */,
				177157A11EF9709B008CD49D /* ConstraintDescription.swift in Sources */,
				177157B51EF9709B008CD49D /* ConstraintRelatableTarget.swift in Sources */,
				177157AD1EF9709B008CD49D /* ConstraintMakerExtendable.swift in Sources */,
			);
			runOnlyForDeploymentPostprocessing = 0;
		};
/* End PBXSourcesBuildPhase section */

/* Begin PBXVariantGroup section */
		2C6F7A3A1EDECEF4008268BE /* Main.storyboard */ = {
			isa = PBXVariantGroup;
			children = (
				2C6F7A3B1EDECEF4008268BE /* Base */,
			);
			name = Main.storyboard;
			sourceTree = "<group>";
		};
		2C6F7A3F1EDECEF4008268BE /* LaunchScreen.storyboard */ = {
			isa = PBXVariantGroup;
			children = (
				2C6F7A401EDECEF4008268BE /* Base */,
			);
			name = LaunchScreen.storyboard;
			sourceTree = "<group>";
		};
/* End PBXVariantGroup section */

/* Begin XCBuildConfiguration section */
		2C6F7A431EDECEF4008268BE /* Debug */ = {
			isa = XCBuildConfiguration;
			buildSettings = {
				ALWAYS_SEARCH_USER_PATHS = NO;
				CLANG_ANALYZER_NONNULL = YES;
				CLANG_ANALYZER_NUMBER_OBJECT_CONVERSION = YES_AGGRESSIVE;
				CLANG_CXX_LANGUAGE_STANDARD = "gnu++0x";
				CLANG_CXX_LIBRARY = "libc++";
				CLANG_ENABLE_MODULES = YES;
				CLANG_ENABLE_OBJC_ARC = YES;
				CLANG_WARN_BOOL_CONVERSION = YES;
				CLANG_WARN_CONSTANT_CONVERSION = YES;
				CLANG_WARN_DIRECT_OBJC_ISA_USAGE = YES_ERROR;
				CLANG_WARN_DOCUMENTATION_COMMENTS = YES;
				CLANG_WARN_EMPTY_BODY = YES;
				CLANG_WARN_ENUM_CONVERSION = YES;
				CLANG_WARN_INFINITE_RECURSION = YES;
				CLANG_WARN_INT_CONVERSION = YES;
				CLANG_WARN_OBJC_ROOT_CLASS = YES_ERROR;
				CLANG_WARN_SUSPICIOUS_MOVE = YES;
				CLANG_WARN_UNREACHABLE_CODE = YES;
				CLANG_WARN__DUPLICATE_METHOD_MATCH = YES;
				"CODE_SIGN_IDENTITY[sdk=iphoneos*]" = "iPhone Developer";
				COPY_PHASE_STRIP = NO;
				DEBUG_INFORMATION_FORMAT = dwarf;
				ENABLE_STRICT_OBJC_MSGSEND = YES;
				ENABLE_TESTABILITY = YES;
				GCC_C_LANGUAGE_STANDARD = gnu99;
				GCC_DYNAMIC_NO_PIC = NO;
				GCC_NO_COMMON_BLOCKS = YES;
				GCC_OPTIMIZATION_LEVEL = 0;
				GCC_PREPROCESSOR_DEFINITIONS = (
					"DEBUG=1",
					"$(inherited)",
				);
				GCC_WARN_64_TO_32_BIT_CONVERSION = YES;
				GCC_WARN_ABOUT_RETURN_TYPE = YES_ERROR;
				GCC_WARN_UNDECLARED_SELECTOR = YES;
				GCC_WARN_UNINITIALIZED_AUTOS = YES_AGGRESSIVE;
				GCC_WARN_UNUSED_FUNCTION = YES;
				GCC_WARN_UNUSED_VARIABLE = YES;
				IPHONEOS_DEPLOYMENT_TARGET = 10.3;
				MTL_ENABLE_DEBUG_INFO = YES;
				ONLY_ACTIVE_ARCH = YES;
				SDKROOT = iphoneos;
				SWIFT_ACTIVE_COMPILATION_CONDITIONS = DEBUG;
				SWIFT_OPTIMIZATION_LEVEL = "-Onone";
				TARGETED_DEVICE_FAMILY = "1,2";
			};
			name = Debug;
		};
		2C6F7A441EDECEF4008268BE /* Release */ = {
			isa = XCBuildConfiguration;
			buildSettings = {
				ALWAYS_SEARCH_USER_PATHS = NO;
				CLANG_ANALYZER_NONNULL = YES;
				CLANG_ANALYZER_NUMBER_OBJECT_CONVERSION = YES_AGGRESSIVE;
				CLANG_CXX_LANGUAGE_STANDARD = "gnu++0x";
				CLANG_CXX_LIBRARY = "libc++";
				CLANG_ENABLE_MODULES = YES;
				CLANG_ENABLE_OBJC_ARC = YES;
				CLANG_WARN_BOOL_CONVERSION = YES;
				CLANG_WARN_CONSTANT_CONVERSION = YES;
				CLANG_WARN_DIRECT_OBJC_ISA_USAGE = YES_ERROR;
				CLANG_WARN_DOCUMENTATION_COMMENTS = YES;
				CLANG_WARN_EMPTY_BODY = YES;
				CLANG_WARN_ENUM_CONVERSION = YES;
				CLANG_WARN_INFINITE_RECURSION = YES;
				CLANG_WARN_INT_CONVERSION = YES;
				CLANG_WARN_OBJC_ROOT_CLASS = YES_ERROR;
				CLANG_WARN_SUSPICIOUS_MOVE = YES;
				CLANG_WARN_UNREACHABLE_CODE = YES;
				CLANG_WARN__DUPLICATE_METHOD_MATCH = YES;
				"CODE_SIGN_IDENTITY[sdk=iphoneos*]" = "iPhone Developer";
				COPY_PHASE_STRIP = NO;
				DEBUG_INFORMATION_FORMAT = "dwarf-with-dsym";
				ENABLE_NS_ASSERTIONS = NO;
				ENABLE_STRICT_OBJC_MSGSEND = YES;
				GCC_C_LANGUAGE_STANDARD = gnu99;
				GCC_NO_COMMON_BLOCKS = YES;
				GCC_WARN_64_TO_32_BIT_CONVERSION = YES;
				GCC_WARN_ABOUT_RETURN_TYPE = YES_ERROR;
				GCC_WARN_UNDECLARED_SELECTOR = YES;
				GCC_WARN_UNINITIALIZED_AUTOS = YES_AGGRESSIVE;
				GCC_WARN_UNUSED_FUNCTION = YES;
				GCC_WARN_UNUSED_VARIABLE = YES;
				IPHONEOS_DEPLOYMENT_TARGET = 10.3;
				MTL_ENABLE_DEBUG_INFO = NO;
				SDKROOT = iphoneos;
				SWIFT_OPTIMIZATION_LEVEL = "-Owholemodule";
				TARGETED_DEVICE_FAMILY = "1,2";
				VALIDATE_PRODUCT = YES;
			};
			name = Release;
		};
		2C6F7A461EDECEF4008268BE /* Debug */ = {
			isa = XCBuildConfiguration;
			buildSettings = {
				ASSETCATALOG_COMPILER_APPICON_NAME = AppIcon;
				DEVELOPMENT_TEAM = N993P5W5S3;
				INFOPLIST_FILE = es_club/Info.plist;
				IPHONEOS_DEPLOYMENT_TARGET = 9.0;
				LD_RUNPATH_SEARCH_PATHS = "$(inherited) @executable_path/Frameworks";
				PRODUCT_BUNDLE_IDENTIFIER = "com.xyytTest.es-club";
				PRODUCT_NAME = "$(TARGET_NAME)";
				SWIFT_OBJC_BRIDGING_HEADER = es_club/bridging.h;
				SWIFT_VERSION = 3.0;
			};
			name = Debug;
		};
		2C6F7A471EDECEF4008268BE /* Release */ = {
			isa = XCBuildConfiguration;
			buildSettings = {
				ASSETCATALOG_COMPILER_APPICON_NAME = AppIcon;
				DEVELOPMENT_TEAM = N993P5W5S3;
				INFOPLIST_FILE = es_club/Info.plist;
				IPHONEOS_DEPLOYMENT_TARGET = 9.0;
				LD_RUNPATH_SEARCH_PATHS = "$(inherited) @executable_path/Frameworks";
				PRODUCT_BUNDLE_IDENTIFIER = "com.xyytTest.es-club";
				PRODUCT_NAME = "$(TARGET_NAME)";
				SWIFT_OBJC_BRIDGING_HEADER = es_club/bridging.h;
				SWIFT_VERSION = 3.0;
			};
			name = Release;
		};
/* End XCBuildConfiguration section */

/* Begin XCConfigurationList section */
		2C6F7A2E1EDECEF4008268BE /* Build configuration list for PBXProject "es_club" */ = {
			isa = XCConfigurationList;
			buildConfigurations = (
				2C6F7A431EDECEF4008268BE /* Debug */,
				2C6F7A441EDECEF4008268BE /* Release */,
			);
			defaultConfigurationIsVisible = 0;
			defaultConfigurationName = Release;
		};
		2C6F7A451EDECEF4008268BE /* Build configuration list for PBXNativeTarget "es_club" */ = {
			isa = XCConfigurationList;
			buildConfigurations = (
				2C6F7A461EDECEF4008268BE /* Debug */,
				2C6F7A471EDECEF4008268BE /* Release */,
			);
			defaultConfigurationIsVisible = 0;
			defaultConfigurationName = Release;
		};
/* End XCConfigurationList section */
	};
	rootObject = 2C6F7A2B1EDECEF4008268BE /* Project object */;
}
