// !$*UTF8*$!
{
	archiveVersion = 1;
	classes = {
	};
	objectVersion = 46;
	objects = {

/* Begin PBXBuildFile section */
		21381E161EF970CC00754BF0 /* MBProgressHUD.m in Sources */ = {isa = PBXBuildFile; fileRef = 21381E141EF970CC00754BF0 /* MBProgressHUD.m */; };
		21381E431EF9718300754BF0 /* MKAnnotationView+WebCache.m in Sources */ = {isa = PBXBuildFile; fileRef = 21381E1C1EF9718300754BF0 /* MKAnnotationView+WebCache.m */; };
		21381E441EF9718300754BF0 /* NSData+ImageContentType.m in Sources */ = {isa = PBXBuildFile; fileRef = 21381E1E1EF9718300754BF0 /* NSData+ImageContentType.m */; };
		21381E451EF9718300754BF0 /* NSImage+WebCache.m in Sources */ = {isa = PBXBuildFile; fileRef = 21381E201EF9718300754BF0 /* NSImage+WebCache.m */; };
		21381E461EF9718300754BF0 /* SDImageCache.m in Sources */ = {isa = PBXBuildFile; fileRef = 21381E221EF9718300754BF0 /* SDImageCache.m */; };
		21381E471EF9718300754BF0 /* SDImageCacheConfig.m in Sources */ = {isa = PBXBuildFile; fileRef = 21381E241EF9718300754BF0 /* SDImageCacheConfig.m */; };
		21381E481EF9718300754BF0 /* SDWebImageCompat.m in Sources */ = {isa = PBXBuildFile; fileRef = 21381E261EF9718300754BF0 /* SDWebImageCompat.m */; };
		21381E491EF9718300754BF0 /* SDWebImageDecoder.m in Sources */ = {isa = PBXBuildFile; fileRef = 21381E281EF9718300754BF0 /* SDWebImageDecoder.m */; };
		21381E4A1EF9718300754BF0 /* SDWebImageDownloader.m in Sources */ = {isa = PBXBuildFile; fileRef = 21381E2A1EF9718300754BF0 /* SDWebImageDownloader.m */; };
		21381E4B1EF9718300754BF0 /* SDWebImageDownloaderOperation.m in Sources */ = {isa = PBXBuildFile; fileRef = 21381E2C1EF9718300754BF0 /* SDWebImageDownloaderOperation.m */; };
		21381E4C1EF9718300754BF0 /* SDWebImageManager.m in Sources */ = {isa = PBXBuildFile; fileRef = 21381E2E1EF9718300754BF0 /* SDWebImageManager.m */; };
		21381E4D1EF9718300754BF0 /* SDWebImagePrefetcher.m in Sources */ = {isa = PBXBuildFile; fileRef = 21381E311EF9718300754BF0 /* SDWebImagePrefetcher.m */; };
		21381E4E1EF9718300754BF0 /* UIButton+WebCache.m in Sources */ = {isa = PBXBuildFile; fileRef = 21381E331EF9718300754BF0 /* UIButton+WebCache.m */; };
		21381E4F1EF9718300754BF0 /* UIImage+GIF.m in Sources */ = {isa = PBXBuildFile; fileRef = 21381E351EF9718300754BF0 /* UIImage+GIF.m */; };
		21381E501EF9718300754BF0 /* UIImage+MultiFormat.m in Sources */ = {isa = PBXBuildFile; fileRef = 21381E371EF9718300754BF0 /* UIImage+MultiFormat.m */; };
		21381E511EF9718300754BF0 /* UIImage+WebP.m in Sources */ = {isa = PBXBuildFile; fileRef = 21381E391EF9718300754BF0 /* UIImage+WebP.m */; };
		21381E521EF9718300754BF0 /* UIImageView+HighlightedWebCache.m in Sources */ = {isa = PBXBuildFile; fileRef = 21381E3B1EF9718300754BF0 /* UIImageView+HighlightedWebCache.m */; };
		21381E531EF9718300754BF0 /* UIImageView+WebCache.m in Sources */ = {isa = PBXBuildFile; fileRef = 21381E3D1EF9718300754BF0 /* UIImageView+WebCache.m */; };
		21381E541EF9718300754BF0 /* UIView+WebCache.m in Sources */ = {isa = PBXBuildFile; fileRef = 21381E3F1EF9718300754BF0 /* UIView+WebCache.m */; };
		21381E551EF9718300754BF0 /* UIView+WebCacheOperation.m in Sources */ = {isa = PBXBuildFile; fileRef = 21381E411EF9718300754BF0 /* UIView+WebCacheOperation.m */; };
		21381E5D1EF97BF600754BF0 /* SwiftyJSON.swift in Sources */ = {isa = PBXBuildFile; fileRef = 21381E5B1EF97BF600754BF0 /* SwiftyJSON.swift */; };
		21381E5F1EF97C6E00754BF0 /* GoodsModel.swift in Sources */ = {isa = PBXBuildFile; fileRef = 21381E5E1EF97C6E00754BF0 /* GoodsModel.swift */; };
		2160EBCE1EFDF135005B8B7E /* ShopSelectCell.swift in Sources */ = {isa = PBXBuildFile; fileRef = 2160EBCD1EFDF135005B8B7E /* ShopSelectCell.swift */; };
		2160EBD01F001594005B8B7E /* Const.swift in Sources */ = {isa = PBXBuildFile; fileRef = 2160EBCF1F001594005B8B7E /* Const.swift */; };
		218FBF991F028F70009EC15C /* ShopOrderViewController.swift in Sources */ = {isa = PBXBuildFile; fileRef = 218FBF981F028F70009EC15C /* ShopOrderViewController.swift */; };
		218FBF9B1F02A850009EC15C /* PayTypeModel.swift in Sources */ = {isa = PBXBuildFile; fileRef = 218FBF9A1F02A850009EC15C /* PayTypeModel.swift */; };
		21C3F0271EF5343600895D00 /* ShopSelectView.swift in Sources */ = {isa = PBXBuildFile; fileRef = 21C3F0261EF5343600895D00 /* ShopSelectView.swift */; };
		21C3F0291EF5545800895D00 /* ShopViewController.swift in Sources */ = {isa = PBXBuildFile; fileRef = 21C3F0281EF5545800895D00 /* ShopViewController.swift */; };
		21C3F02B1EF5547000895D00 /* ShopFinishViewController.swift in Sources */ = {isa = PBXBuildFile; fileRef = 21C3F02A1EF5547000895D00 /* ShopFinishViewController.swift */; };
		21C3F02D1EF554B300895D00 /* HomeStoryboard.storyboard in Resources */ = {isa = PBXBuildFile; fileRef = 21C3F02C1EF554B300895D00 /* HomeStoryboard.storyboard */; };
		21C3F0301EF554E900895D00 /* HMSegmentedControl.m in Sources */ = {isa = PBXBuildFile; fileRef = 21C3F02E1EF554E900895D00 /* HMSegmentedControl.m */; };
		21C3F0341EF5553100895D00 /* XRPlaceholder.png in Resources */ = {isa = PBXBuildFile; fileRef = 21C3F0311EF5553100895D00 /* XRPlaceholder.png */; };
		21C3F0351EF5553100895D00 /* XRCarouselView.m in Sources */ = {isa = PBXBuildFile; fileRef = 21C3F0321EF5553100895D00 /* XRCarouselView.m */; };
		21C3F0591EF5554700895D00 /* UILayoutSupport+Extensions.swift in Sources */ = {isa = PBXBuildFile; fileRef = 21C3F0361EF5554700895D00 /* UILayoutSupport+Extensions.swift */; };
		21C3F05A1EF5554700895D00 /* LayoutConstraintItem.swift in Sources */ = {isa = PBXBuildFile; fileRef = 21C3F0381EF5554700895D00 /* LayoutConstraintItem.swift */; };
		21C3F05B1EF5554700895D00 /* LayoutConstraint.swift in Sources */ = {isa = PBXBuildFile; fileRef = 21C3F0391EF5554700895D00 /* LayoutConstraint.swift */; };
		21C3F05C1EF5554700895D00 /* Info.plist in Resources */ = {isa = PBXBuildFile; fileRef = 21C3F03A1EF5554700895D00 /* Info.plist */; };
		21C3F05D1EF5554700895D00 /* Debugging.swift in Sources */ = {isa = PBXBuildFile; fileRef = 21C3F03B1EF5554700895D00 /* Debugging.swift */; };
		21C3F05E1EF5554700895D00 /* ConstraintViewDSL.swift in Sources */ = {isa = PBXBuildFile; fileRef = 21C3F03C1EF5554700895D00 /* ConstraintViewDSL.swift */; };
		21C3F05F1EF5554700895D00 /* ConstraintView+Extensions.swift in Sources */ = {isa = PBXBuildFile; fileRef = 21C3F03D1EF5554700895D00 /* ConstraintView+Extensions.swift */; };
		21C3F0601EF5554700895D00 /* ConstraintView.swift in Sources */ = {isa = PBXBuildFile; fileRef = 21C3F03E1EF5554700895D00 /* ConstraintView.swift */; };
		21C3F0611EF5554700895D00 /* ConstraintRelation.swift in Sources */ = {isa = PBXBuildFile; fileRef = 21C3F03F1EF5554700895D00 /* ConstraintRelation.swift */; };
		21C3F0621EF5554700895D00 /* ConstraintRelatableTarget.swift in Sources */ = {isa = PBXBuildFile; fileRef = 21C3F0401EF5554700895D00 /* ConstraintRelatableTarget.swift */; };
		21C3F0631EF5554700895D00 /* ConstraintPriorityTarget.swift in Sources */ = {isa = PBXBuildFile; fileRef = 21C3F0411EF5554700895D00 /* ConstraintPriorityTarget.swift */; };
		21C3F0641EF5554700895D00 /* ConstraintPriority.swift in Sources */ = {isa = PBXBuildFile; fileRef = 21C3F0421EF5554700895D00 /* ConstraintPriority.swift */; };
		21C3F0651EF5554700895D00 /* ConstraintOffsetTarget.swift in Sources */ = {isa = PBXBuildFile; fileRef = 21C3F0431EF5554700895D00 /* ConstraintOffsetTarget.swift */; };
		21C3F0661EF5554700895D00 /* ConstraintMultiplierTarget.swift in Sources */ = {isa = PBXBuildFile; fileRef = 21C3F0441EF5554700895D00 /* ConstraintMultiplierTarget.swift */; };
		21C3F0671EF5554700895D00 /* ConstraintMakerRelatable.swift in Sources */ = {isa = PBXBuildFile; fileRef = 21C3F0451EF5554700895D00 /* ConstraintMakerRelatable.swift */; };
		21C3F0681EF5554700895D00 /* ConstraintMakerPriortizable.swift in Sources */ = {isa = PBXBuildFile; fileRef = 21C3F0461EF5554700895D00 /* ConstraintMakerPriortizable.swift */; };
		21C3F0691EF5554700895D00 /* ConstraintMakerFinalizable.swift in Sources */ = {isa = PBXBuildFile; fileRef = 21C3F0471EF5554700895D00 /* ConstraintMakerFinalizable.swift */; };
		21C3F06A1EF5554700895D00 /* ConstraintMakerExtendable.swift in Sources */ = {isa = PBXBuildFile; fileRef = 21C3F0481EF5554700895D00 /* ConstraintMakerExtendable.swift */; };
		21C3F06B1EF5554700895D00 /* ConstraintMakerEditable.swift in Sources */ = {isa = PBXBuildFile; fileRef = 21C3F0491EF5554700895D00 /* ConstraintMakerEditable.swift */; };
		21C3F06C1EF5554700895D00 /* ConstraintMaker.swift in Sources */ = {isa = PBXBuildFile; fileRef = 21C3F04A1EF5554700895D00 /* ConstraintMaker.swift */; };
		21C3F06D1EF5554700895D00 /* ConstraintLayoutSupportDSL.swift in Sources */ = {isa = PBXBuildFile; fileRef = 21C3F04B1EF5554700895D00 /* ConstraintLayoutSupportDSL.swift */; };
		21C3F06E1EF5554700895D00 /* ConstraintLayoutSupport.swift in Sources */ = {isa = PBXBuildFile; fileRef = 21C3F04C1EF5554700895D00 /* ConstraintLayoutSupport.swift */; };
		21C3F06F1EF5554700895D00 /* ConstraintLayoutGuideDSL.swift in Sources */ = {isa = PBXBuildFile; fileRef = 21C3F04D1EF5554700895D00 /* ConstraintLayoutGuideDSL.swift */; };
		21C3F0701EF5554700895D00 /* ConstraintLayoutGuide+Extensions.swift in Sources */ = {isa = PBXBuildFile; fileRef = 21C3F04E1EF5554700895D00 /* ConstraintLayoutGuide+Extensions.swift */; };
		21C3F0711EF5554700895D00 /* ConstraintLayoutGuide.swift in Sources */ = {isa = PBXBuildFile; fileRef = 21C3F04F1EF5554700895D00 /* ConstraintLayoutGuide.swift */; };
		21C3F0721EF5554700895D00 /* ConstraintItem.swift in Sources */ = {isa = PBXBuildFile; fileRef = 21C3F0501EF5554700895D00 /* ConstraintItem.swift */; };
		21C3F0731EF5554700895D00 /* ConstraintInsetTarget.swift in Sources */ = {isa = PBXBuildFile; fileRef = 21C3F0511EF5554700895D00 /* ConstraintInsetTarget.swift */; };
		21C3F0741EF5554700895D00 /* ConstraintInsets.swift in Sources */ = {isa = PBXBuildFile; fileRef = 21C3F0521EF5554700895D00 /* ConstraintInsets.swift */; };
		21C3F0751EF5554700895D00 /* ConstraintDSL.swift in Sources */ = {isa = PBXBuildFile; fileRef = 21C3F0531EF5554700895D00 /* ConstraintDSL.swift */; };
		21C3F0761EF5554700895D00 /* ConstraintDescription.swift in Sources */ = {isa = PBXBuildFile; fileRef = 21C3F0541EF5554700895D00 /* ConstraintDescription.swift */; };
		21C3F0771EF5554700895D00 /* ConstraintConstantTarget.swift in Sources */ = {isa = PBXBuildFile; fileRef = 21C3F0551EF5554700895D00 /* ConstraintConstantTarget.swift */; };
		21C3F0781EF5554700895D00 /* ConstraintConfig.swift in Sources */ = {isa = PBXBuildFile; fileRef = 21C3F0561EF5554700895D00 /* ConstraintConfig.swift */; };
		21C3F0791EF5554700895D00 /* ConstraintAttributes.swift in Sources */ = {isa = PBXBuildFile; fileRef = 21C3F0571EF5554700895D00 /* ConstraintAttributes.swift */; };
		21C3F07A1EF5554700895D00 /* Constraint.swift in Sources */ = {isa = PBXBuildFile; fileRef = 21C3F0581EF5554700895D00 /* Constraint.swift */; };
		21C3F0871EF5557700895D00 /* UIView+MJExtension.m in Sources */ = {isa = PBXBuildFile; fileRef = 21C3F07B1EF5557700895D00 /* UIView+MJExtension.m */; };
		21C3F0881EF5557700895D00 /* UIScrollView+MJRefresh.m in Sources */ = {isa = PBXBuildFile; fileRef = 21C3F07D1EF5557700895D00 /* UIScrollView+MJRefresh.m */; };
		21C3F0891EF5557700895D00 /* UIScrollView+MJExtension.m in Sources */ = {isa = PBXBuildFile; fileRef = 21C3F07F1EF5557700895D00 /* UIScrollView+MJExtension.m */; };
		21C3F08A1EF5557700895D00 /* NSBundle+MJRefresh.m in Sources */ = {isa = PBXBuildFile; fileRef = 21C3F0811EF5557700895D00 /* NSBundle+MJRefresh.m */; };
		21C3F08B1EF5557700895D00 /* MJRefreshConst.m in Sources */ = {isa = PBXBuildFile; fileRef = 21C3F0831EF5557700895D00 /* MJRefreshConst.m */; };
		21C3F08C1EF5557700895D00 /* MJRefresh.bundle in Resources */ = {isa = PBXBuildFile; fileRef = 21C3F0861EF5557700895D00 /* MJRefresh.bundle */; };
		21C3F0931EF5559200895D00 /* MJRefreshAutoStateFooter.m in Sources */ = {isa = PBXBuildFile; fileRef = 21C3F08D1EF5559200895D00 /* MJRefreshAutoStateFooter.m */; };
		21C3F0941EF5559200895D00 /* MJRefreshAutoNormalFooter.m in Sources */ = {isa = PBXBuildFile; fileRef = 21C3F08F1EF5559200895D00 /* MJRefreshAutoNormalFooter.m */; };
		21C3F0951EF5559200895D00 /* MJRefreshAutoGifFooter.m in Sources */ = {isa = PBXBuildFile; fileRef = 21C3F0911EF5559200895D00 /* MJRefreshAutoGifFooter.m */; };
		21C3F09C1EF555AC00895D00 /* MJRefreshStateHeader.m in Sources */ = {isa = PBXBuildFile; fileRef = 21C3F0961EF555AC00895D00 /* MJRefreshStateHeader.m */; };
		21C3F09D1EF555AC00895D00 /* MJRefreshNormalHeader.m in Sources */ = {isa = PBXBuildFile; fileRef = 21C3F0981EF555AC00895D00 /* MJRefreshNormalHeader.m */; };
		21C3F09E1EF555AC00895D00 /* MJRefreshGifHeader.m in Sources */ = {isa = PBXBuildFile; fileRef = 21C3F09A1EF555AC00895D00 /* MJRefreshGifHeader.m */; };
		21C3F0A91EF555C500895D00 /* MJRefreshHeader.m in Sources */ = {isa = PBXBuildFile; fileRef = 21C3F09F1EF555C500895D00 /* MJRefreshHeader.m */; };
		21C3F0AA1EF555C500895D00 /* MJRefreshFooter.m in Sources */ = {isa = PBXBuildFile; fileRef = 21C3F0A11EF555C500895D00 /* MJRefreshFooter.m */; };
		21C3F0AB1EF555C500895D00 /* MJRefreshComponent.m in Sources */ = {isa = PBXBuildFile; fileRef = 21C3F0A31EF555C500895D00 /* MJRefreshComponent.m */; };
		21C3F0AC1EF555C500895D00 /* MJRefreshBackFooter.m in Sources */ = {isa = PBXBuildFile; fileRef = 21C3F0A51EF555C500895D00 /* MJRefreshBackFooter.m */; };
		21C3F0AD1EF555C500895D00 /* MJRefreshAutoFooter.m in Sources */ = {isa = PBXBuildFile; fileRef = 21C3F0A71EF555C500895D00 /* MJRefreshAutoFooter.m */; };
		21C3F0B21EF555D600895D00 /* NJKWebViewProgressView.m in Sources */ = {isa = PBXBuildFile; fileRef = 21C3F0AE1EF555D600895D00 /* NJKWebViewProgressView.m */; };
		21C3F0B31EF555D600895D00 /* NJKWebViewProgress.m in Sources */ = {isa = PBXBuildFile; fileRef = 21C3F0B01EF555D600895D00 /* NJKWebViewProgress.m */; };
		21C3F0B51EF5567000895D00 /* ShopTypeCell.swift in Sources */ = {isa = PBXBuildFile; fileRef = 21C3F0B41EF5567000895D00 /* ShopTypeCell.swift */; };
		21C3F0B71EF5568900895D00 /* ShopGoodsCell.swift in Sources */ = {isa = PBXBuildFile; fileRef = 21C3F0B61EF5568900895D00 /* ShopGoodsCell.swift */; };
		2C644E031EE6FBA700B581DD /* homeCell.swift in Sources */ = {isa = PBXBuildFile; fileRef = 2C644E011EE6FBA700B581DD /* homeCell.swift */; };
		2C644E041EE6FBA700B581DD /* homeCell.xib in Resources */ = {isa = PBXBuildFile; fileRef = 2C644E021EE6FBA700B581DD /* homeCell.xib */; };
		2C644E091EE7104A00B581DD /* NewsViewController.swift in Sources */ = {isa = PBXBuildFile; fileRef = 2C644E081EE7104A00B581DD /* NewsViewController.swift */; };
		2C6F7A371EDECEF4008268BE /* AppDelegate.swift in Sources */ = {isa = PBXBuildFile; fileRef = 2C6F7A361EDECEF4008268BE /* AppDelegate.swift */; };
		2C6F7A3C1EDECEF4008268BE /* Main.storyboard in Resources */ = {isa = PBXBuildFile; fileRef = 2C6F7A3A1EDECEF4008268BE /* Main.storyboard */; };
		2C6F7A3E1EDECEF4008268BE /* Assets.xcassets in Resources */ = {isa = PBXBuildFile; fileRef = 2C6F7A3D1EDECEF4008268BE /* Assets.xcassets */; };
		2C6F7A411EDECEF4008268BE /* LaunchScreen.storyboard in Resources */ = {isa = PBXBuildFile; fileRef = 2C6F7A3F1EDECEF4008268BE /* LaunchScreen.storyboard */; };
		2C6F7A4B1EDEDC7E008268BE /* HomeViewController.swift in Sources */ = {isa = PBXBuildFile; fileRef = 2C6F7A4A1EDEDC7E008268BE /* HomeViewController.swift */; };
		2C6F7A4D1EDEDCC5008268BE /* GuessViewController.swift in Sources */ = {isa = PBXBuildFile; fileRef = 2C6F7A4C1EDEDCC5008268BE /* GuessViewController.swift */; };
		2C6F7A511EDEDD00008268BE /* AccountViewController.swift in Sources */ = {isa = PBXBuildFile; fileRef = 2C6F7A501EDEDD00008268BE /* AccountViewController.swift */; };
		2C6F7A531EDEDDBB008268BE /* BaseNavController.swift in Sources */ = {isa = PBXBuildFile; fileRef = 2C6F7A521EDEDDBB008268BE /* BaseNavController.swift */; };
		2CDD5C191EE6990B00BED69B /* QuartzCore.framework in Frameworks */ = {isa = PBXBuildFile; fileRef = 2CDD5C181EE6990B00BED69B /* QuartzCore.framework */; };
		2CDD5C1B1EE6A53200BED69B /* UIKitEx.swift in Sources */ = {isa = PBXBuildFile; fileRef = 2CDD5C1A1EE6A53200BED69B /* UIKitEx.swift */; };
		2CDD5C1D1EE6A7B200BED69B /* BaseTabBarController.swift in Sources */ = {isa = PBXBuildFile; fileRef = 2CDD5C1C1EE6A7B200BED69B /* BaseTabBarController.swift */; };
		2CDD5CA11EE6BC4B00BED69B /* MJRefreshBackGifFooter.m in Sources */ = {isa = PBXBuildFile; fileRef = 2CDD5C811EE6BC4B00BED69B /* MJRefreshBackGifFooter.m */; };
		2CDD5CA21EE6BC4B00BED69B /* MJRefreshBackNormalFooter.m in Sources */ = {isa = PBXBuildFile; fileRef = 2CDD5C831EE6BC4B00BED69B /* MJRefreshBackNormalFooter.m */; };
		2CDD5CA31EE6BC4B00BED69B /* MJRefreshBackStateFooter.m in Sources */ = {isa = PBXBuildFile; fileRef = 2CDD5C851EE6BC4B00BED69B /* MJRefreshBackStateFooter.m */; };
/* End PBXBuildFile section */

/* Begin PBXFileReference section */
		21381E141EF970CC00754BF0 /* MBProgressHUD.m */ = {isa = PBXFileReference; fileEncoding = 4; lastKnownFileType = sourcecode.c.objc; path = MBProgressHUD.m; sourceTree = "<group>"; };
		21381E151EF970CC00754BF0 /* MBProgressHUD.h */ = {isa = PBXFileReference; fileEncoding = 4; lastKnownFileType = sourcecode.c.h; path = MBProgressHUD.h; sourceTree = "<group>"; };
		21381E1B1EF9718300754BF0 /* MKAnnotationView+WebCache.h */ = {isa = PBXFileReference; fileEncoding = 4; lastKnownFileType = sourcecode.c.h; path = "MKAnnotationView+WebCache.h"; sourceTree = "<group>"; };
		21381E1C1EF9718300754BF0 /* MKAnnotationView+WebCache.m */ = {isa = PBXFileReference; fileEncoding = 4; lastKnownFileType = sourcecode.c.objc; path = "MKAnnotationView+WebCache.m"; sourceTree = "<group>"; };
		21381E1D1EF9718300754BF0 /* NSData+ImageContentType.h */ = {isa = PBXFileReference; fileEncoding = 4; lastKnownFileType = sourcecode.c.h; path = "NSData+ImageContentType.h"; sourceTree = "<group>"; };
		21381E1E1EF9718300754BF0 /* NSData+ImageContentType.m */ = {isa = PBXFileReference; fileEncoding = 4; lastKnownFileType = sourcecode.c.objc; path = "NSData+ImageContentType.m"; sourceTree = "<group>"; };
		21381E1F1EF9718300754BF0 /* NSImage+WebCache.h */ = {isa = PBXFileReference; fileEncoding = 4; lastKnownFileType = sourcecode.c.h; path = "NSImage+WebCache.h"; sourceTree = "<group>"; };
		21381E201EF9718300754BF0 /* NSImage+WebCache.m */ = {isa = PBXFileReference; fileEncoding = 4; lastKnownFileType = sourcecode.c.objc; path = "NSImage+WebCache.m"; sourceTree = "<group>"; };
		21381E211EF9718300754BF0 /* SDImageCache.h */ = {isa = PBXFileReference; fileEncoding = 4; lastKnownFileType = sourcecode.c.h; path = SDImageCache.h; sourceTree = "<group>"; };
		21381E221EF9718300754BF0 /* SDImageCache.m */ = {isa = PBXFileReference; fileEncoding = 4; lastKnownFileType = sourcecode.c.objc; path = SDImageCache.m; sourceTree = "<group>"; };
		21381E231EF9718300754BF0 /* SDImageCacheConfig.h */ = {isa = PBXFileReference; fileEncoding = 4; lastKnownFileType = sourcecode.c.h; path = SDImageCacheConfig.h; sourceTree = "<group>"; };
		21381E241EF9718300754BF0 /* SDImageCacheConfig.m */ = {isa = PBXFileReference; fileEncoding = 4; lastKnownFileType = sourcecode.c.objc; path = SDImageCacheConfig.m; sourceTree = "<group>"; };
		21381E251EF9718300754BF0 /* SDWebImageCompat.h */ = {isa = PBXFileReference; fileEncoding = 4; lastKnownFileType = sourcecode.c.h; path = SDWebImageCompat.h; sourceTree = "<group>"; };
		21381E261EF9718300754BF0 /* SDWebImageCompat.m */ = {isa = PBXFileReference; fileEncoding = 4; lastKnownFileType = sourcecode.c.objc; path = SDWebImageCompat.m; sourceTree = "<group>"; };
		21381E271EF9718300754BF0 /* SDWebImageDecoder.h */ = {isa = PBXFileReference; fileEncoding = 4; lastKnownFileType = sourcecode.c.h; path = SDWebImageDecoder.h; sourceTree = "<group>"; };
		21381E281EF9718300754BF0 /* SDWebImageDecoder.m */ = {isa = PBXFileReference; fileEncoding = 4; lastKnownFileType = sourcecode.c.objc; path = SDWebImageDecoder.m; sourceTree = "<group>"; };
		21381E291EF9718300754BF0 /* SDWebImageDownloader.h */ = {isa = PBXFileReference; fileEncoding = 4; lastKnownFileType = sourcecode.c.h; path = SDWebImageDownloader.h; sourceTree = "<group>"; };
		21381E2A1EF9718300754BF0 /* SDWebImageDownloader.m */ = {isa = PBXFileReference; fileEncoding = 4; lastKnownFileType = sourcecode.c.objc; path = SDWebImageDownloader.m; sourceTree = "<group>"; };
		21381E2B1EF9718300754BF0 /* SDWebImageDownloaderOperation.h */ = {isa = PBXFileReference; fileEncoding = 4; lastKnownFileType = sourcecode.c.h; path = SDWebImageDownloaderOperation.h; sourceTree = "<group>"; };
		21381E2C1EF9718300754BF0 /* SDWebImageDownloaderOperation.m */ = {isa = PBXFileReference; fileEncoding = 4; lastKnownFileType = sourcecode.c.objc; path = SDWebImageDownloaderOperation.m; sourceTree = "<group>"; };
		21381E2D1EF9718300754BF0 /* SDWebImageManager.h */ = {isa = PBXFileReference; fileEncoding = 4; lastKnownFileType = sourcecode.c.h; path = SDWebImageManager.h; sourceTree = "<group>"; };
		21381E2E1EF9718300754BF0 /* SDWebImageManager.m */ = {isa = PBXFileReference; fileEncoding = 4; lastKnownFileType = sourcecode.c.objc; path = SDWebImageManager.m; sourceTree = "<group>"; };
		21381E2F1EF9718300754BF0 /* SDWebImageOperation.h */ = {isa = PBXFileReference; fileEncoding = 4; lastKnownFileType = sourcecode.c.h; path = SDWebImageOperation.h; sourceTree = "<group>"; };
		21381E301EF9718300754BF0 /* SDWebImagePrefetcher.h */ = {isa = PBXFileReference; fileEncoding = 4; lastKnownFileType = sourcecode.c.h; path = SDWebImagePrefetcher.h; sourceTree = "<group>"; };
		21381E311EF9718300754BF0 /* SDWebImagePrefetcher.m */ = {isa = PBXFileReference; fileEncoding = 4; lastKnownFileType = sourcecode.c.objc; path = SDWebImagePrefetcher.m; sourceTree = "<group>"; };
		21381E321EF9718300754BF0 /* UIButton+WebCache.h */ = {isa = PBXFileReference; fileEncoding = 4; lastKnownFileType = sourcecode.c.h; path = "UIButton+WebCache.h"; sourceTree = "<group>"; };
		21381E331EF9718300754BF0 /* UIButton+WebCache.m */ = {isa = PBXFileReference; fileEncoding = 4; lastKnownFileType = sourcecode.c.objc; path = "UIButton+WebCache.m"; sourceTree = "<group>"; };
		21381E341EF9718300754BF0 /* UIImage+GIF.h */ = {isa = PBXFileReference; fileEncoding = 4; lastKnownFileType = sourcecode.c.h; path = "UIImage+GIF.h"; sourceTree = "<group>"; };
		21381E351EF9718300754BF0 /* UIImage+GIF.m */ = {isa = PBXFileReference; fileEncoding = 4; lastKnownFileType = sourcecode.c.objc; path = "UIImage+GIF.m"; sourceTree = "<group>"; };
		21381E361EF9718300754BF0 /* UIImage+MultiFormat.h */ = {isa = PBXFileReference; fileEncoding = 4; lastKnownFileType = sourcecode.c.h; path = "UIImage+MultiFormat.h"; sourceTree = "<group>"; };
		21381E371EF9718300754BF0 /* UIImage+MultiFormat.m */ = {isa = PBXFileReference; fileEncoding = 4; lastKnownFileType = sourcecode.c.objc; path = "UIImage+MultiFormat.m"; sourceTree = "<group>"; };
		21381E381EF9718300754BF0 /* UIImage+WebP.h */ = {isa = PBXFileReference; fileEncoding = 4; lastKnownFileType = sourcecode.c.h; path = "UIImage+WebP.h"; sourceTree = "<group>"; };
		21381E391EF9718300754BF0 /* UIImage+WebP.m */ = {isa = PBXFileReference; fileEncoding = 4; lastKnownFileType = sourcecode.c.objc; path = "UIImage+WebP.m"; sourceTree = "<group>"; };
		21381E3A1EF9718300754BF0 /* UIImageView+HighlightedWebCache.h */ = {isa = PBXFileReference; fileEncoding = 4; lastKnownFileType = sourcecode.c.h; path = "UIImageView+HighlightedWebCache.h"; sourceTree = "<group>"; };
		21381E3B1EF9718300754BF0 /* UIImageView+HighlightedWebCache.m */ = {isa = PBXFileReference; fileEncoding = 4; lastKnownFileType = sourcecode.c.objc; path = "UIImageView+HighlightedWebCache.m"; sourceTree = "<group>"; };
		21381E3C1EF9718300754BF0 /* UIImageView+WebCache.h */ = {isa = PBXFileReference; fileEncoding = 4; lastKnownFileType = sourcecode.c.h; path = "UIImageView+WebCache.h"; sourceTree = "<group>"; };
		21381E3D1EF9718300754BF0 /* UIImageView+WebCache.m */ = {isa = PBXFileReference; fileEncoding = 4; lastKnownFileType = sourcecode.c.objc; path = "UIImageView+WebCache.m"; sourceTree = "<group>"; };
		21381E3E1EF9718300754BF0 /* UIView+WebCache.h */ = {isa = PBXFileReference; fileEncoding = 4; lastKnownFileType = sourcecode.c.h; path = "UIView+WebCache.h"; sourceTree = "<group>"; };
		21381E3F1EF9718300754BF0 /* UIView+WebCache.m */ = {isa = PBXFileReference; fileEncoding = 4; lastKnownFileType = sourcecode.c.objc; path = "UIView+WebCache.m"; sourceTree = "<group>"; };
		21381E401EF9718300754BF0 /* UIView+WebCacheOperation.h */ = {isa = PBXFileReference; fileEncoding = 4; lastKnownFileType = sourcecode.c.h; path = "UIView+WebCacheOperation.h"; sourceTree = "<group>"; };
		21381E411EF9718300754BF0 /* UIView+WebCacheOperation.m */ = {isa = PBXFileReference; fileEncoding = 4; lastKnownFileType = sourcecode.c.objc; path = "UIView+WebCacheOperation.m"; sourceTree = "<group>"; };
		21381E5B1EF97BF600754BF0 /* SwiftyJSON.swift */ = {isa = PBXFileReference; fileEncoding = 4; lastKnownFileType = sourcecode.swift; path = SwiftyJSON.swift; sourceTree = "<group>"; };
		21381E5C1EF97BF600754BF0 /* SwiftyJSON.h */ = {isa = PBXFileReference; fileEncoding = 4; lastKnownFileType = sourcecode.c.h; path = SwiftyJSON.h; sourceTree = "<group>"; };
		21381E5E1EF97C6E00754BF0 /* GoodsModel.swift */ = {isa = PBXFileReference; fileEncoding = 4; lastKnownFileType = sourcecode.swift; path = GoodsModel.swift; sourceTree = "<group>"; };
		2160EBCD1EFDF135005B8B7E /* ShopSelectCell.swift */ = {isa = PBXFileReference; fileEncoding = 4; lastKnownFileType = sourcecode.swift; path = ShopSelectCell.swift; sourceTree = "<group>"; };
		2160EBCF1F001594005B8B7E /* Const.swift */ = {isa = PBXFileReference; fileEncoding = 4; lastKnownFileType = sourcecode.swift; path = Const.swift; sourceTree = "<group>"; };
		218FBF981F028F70009EC15C /* ShopOrderViewController.swift */ = {isa = PBXFileReference; fileEncoding = 4; lastKnownFileType = sourcecode.swift; path = ShopOrderViewController.swift; sourceTree = "<group>"; };
		218FBF9A1F02A850009EC15C /* PayTypeModel.swift */ = {isa = PBXFileReference; fileEncoding = 4; lastKnownFileType = sourcecode.swift; path = PayTypeModel.swift; sourceTree = "<group>"; };
		21C3F0261EF5343600895D00 /* ShopSelectView.swift */ = {isa = PBXFileReference; fileEncoding = 4; lastKnownFileType = sourcecode.swift; path = ShopSelectView.swift; sourceTree = "<group>"; };
		21C3F0281EF5545800895D00 /* ShopViewController.swift */ = {isa = PBXFileReference; fileEncoding = 4; lastKnownFileType = sourcecode.swift; path = ShopViewController.swift; sourceTree = "<group>"; };
		21C3F02A1EF5547000895D00 /* ShopFinishViewController.swift */ = {isa = PBXFileReference; fileEncoding = 4; lastKnownFileType = sourcecode.swift; path = ShopFinishViewController.swift; sourceTree = "<group>"; };
		21C3F02C1EF554B300895D00 /* HomeStoryboard.storyboard */ = {isa = PBXFileReference; fileEncoding = 4; lastKnownFileType = file.storyboard; path = HomeStoryboard.storyboard; sourceTree = "<group>"; };
		21C3F02E1EF554E900895D00 /* HMSegmentedControl.m */ = {isa = PBXFileReference; fileEncoding = 4; lastKnownFileType = sourcecode.c.objc; path = HMSegmentedControl.m; sourceTree = "<group>"; };
		21C3F02F1EF554E900895D00 /* HMSegmentedControl.h */ = {isa = PBXFileReference; fileEncoding = 4; lastKnownFileType = sourcecode.c.h; path = HMSegmentedControl.h; sourceTree = "<group>"; };
		21C3F0311EF5553100895D00 /* XRPlaceholder.png */ = {isa = PBXFileReference; lastKnownFileType = image.png; path = XRPlaceholder.png; sourceTree = "<group>"; };
		21C3F0321EF5553100895D00 /* XRCarouselView.m */ = {isa = PBXFileReference; fileEncoding = 4; lastKnownFileType = sourcecode.c.objc; path = XRCarouselView.m; sourceTree = "<group>"; };
		21C3F0331EF5553100895D00 /* XRCarouselView.h */ = {isa = PBXFileReference; fileEncoding = 4; lastKnownFileType = sourcecode.c.h; path = XRCarouselView.h; sourceTree = "<group>"; };
		21C3F0361EF5554700895D00 /* UILayoutSupport+Extensions.swift */ = {isa = PBXFileReference; fileEncoding = 4; lastKnownFileType = sourcecode.swift; path = "UILayoutSupport+Extensions.swift"; sourceTree = "<group>"; };
		21C3F0371EF5554700895D00 /* SnapKit.h */ = {isa = PBXFileReference; fileEncoding = 4; lastKnownFileType = sourcecode.c.h; path = SnapKit.h; sourceTree = "<group>"; };
		21C3F0381EF5554700895D00 /* LayoutConstraintItem.swift */ = {isa = PBXFileReference; fileEncoding = 4; lastKnownFileType = sourcecode.swift; path = LayoutConstraintItem.swift; sourceTree = "<group>"; };
		21C3F0391EF5554700895D00 /* LayoutConstraint.swift */ = {isa = PBXFileReference; fileEncoding = 4; lastKnownFileType = sourcecode.swift; path = LayoutConstraint.swift; sourceTree = "<group>"; };
		21C3F03A1EF5554700895D00 /* Info.plist */ = {isa = PBXFileReference; fileEncoding = 4; lastKnownFileType = text.plist.xml; path = Info.plist; sourceTree = "<group>"; };
		21C3F03B1EF5554700895D00 /* Debugging.swift */ = {isa = PBXFileReference; fileEncoding = 4; lastKnownFileType = sourcecode.swift; path = Debugging.swift; sourceTree = "<group>"; };
		21C3F03C1EF5554700895D00 /* ConstraintViewDSL.swift */ = {isa = PBXFileReference; fileEncoding = 4; lastKnownFileType = sourcecode.swift; path = ConstraintViewDSL.swift; sourceTree = "<group>"; };
		21C3F03D1EF5554700895D00 /* ConstraintView+Extensions.swift */ = {isa = PBXFileReference; fileEncoding = 4; lastKnownFileType = sourcecode.swift; path = "ConstraintView+Extensions.swift"; sourceTree = "<group>"; };
		21C3F03E1EF5554700895D00 /* ConstraintView.swift */ = {isa = PBXFileReference; fileEncoding = 4; lastKnownFileType = sourcecode.swift; path = ConstraintView.swift; sourceTree = "<group>"; };
		21C3F03F1EF5554700895D00 /* ConstraintRelation.swift */ = {isa = PBXFileReference; fileEncoding = 4; lastKnownFileType = sourcecode.swift; path = ConstraintRelation.swift; sourceTree = "<group>"; };
		21C3F0401EF5554700895D00 /* ConstraintRelatableTarget.swift */ = {isa = PBXFileReference; fileEncoding = 4; lastKnownFileType = sourcecode.swift; path = ConstraintRelatableTarget.swift; sourceTree = "<group>"; };
		21C3F0411EF5554700895D00 /* ConstraintPriorityTarget.swift */ = {isa = PBXFileReference; fileEncoding = 4; lastKnownFileType = sourcecode.swift; path = ConstraintPriorityTarget.swift; sourceTree = "<group>"; };
		21C3F0421EF5554700895D00 /* ConstraintPriority.swift */ = {isa = PBXFileReference; fileEncoding = 4; lastKnownFileType = sourcecode.swift; path = ConstraintPriority.swift; sourceTree = "<group>"; };
		21C3F0431EF5554700895D00 /* ConstraintOffsetTarget.swift */ = {isa = PBXFileReference; fileEncoding = 4; lastKnownFileType = sourcecode.swift; path = ConstraintOffsetTarget.swift; sourceTree = "<group>"; };
		21C3F0441EF5554700895D00 /* ConstraintMultiplierTarget.swift */ = {isa = PBXFileReference; fileEncoding = 4; lastKnownFileType = sourcecode.swift; path = ConstraintMultiplierTarget.swift; sourceTree = "<group>"; };
		21C3F0451EF5554700895D00 /* ConstraintMakerRelatable.swift */ = {isa = PBXFileReference; fileEncoding = 4; lastKnownFileType = sourcecode.swift; path = ConstraintMakerRelatable.swift; sourceTree = "<group>"; };
		21C3F0461EF5554700895D00 /* ConstraintMakerPriortizable.swift */ = {isa = PBXFileReference; fileEncoding = 4; lastKnownFileType = sourcecode.swift; path = ConstraintMakerPriortizable.swift; sourceTree = "<group>"; };
		21C3F0471EF5554700895D00 /* ConstraintMakerFinalizable.swift */ = {isa = PBXFileReference; fileEncoding = 4; lastKnownFileType = sourcecode.swift; path = ConstraintMakerFinalizable.swift; sourceTree = "<group>"; };
		21C3F0481EF5554700895D00 /* ConstraintMakerExtendable.swift */ = {isa = PBXFileReference; fileEncoding = 4; lastKnownFileType = sourcecode.swift; path = ConstraintMakerExtendable.swift; sourceTree = "<group>"; };
		21C3F0491EF5554700895D00 /* ConstraintMakerEditable.swift */ = {isa = PBXFileReference; fileEncoding = 4; lastKnownFileType = sourcecode.swift; path = ConstraintMakerEditable.swift; sourceTree = "<group>"; };
		21C3F04A1EF5554700895D00 /* ConstraintMaker.swift */ = {isa = PBXFileReference; fileEncoding = 4; lastKnownFileType = sourcecode.swift; path = ConstraintMaker.swift; sourceTree = "<group>"; };
		21C3F04B1EF5554700895D00 /* ConstraintLayoutSupportDSL.swift */ = {isa = PBXFileReference; fileEncoding = 4; lastKnownFileType = sourcecode.swift; path = ConstraintLayoutSupportDSL.swift; sourceTree = "<group>"; };
		21C3F04C1EF5554700895D00 /* ConstraintLayoutSupport.swift */ = {isa = PBXFileReference; fileEncoding = 4; lastKnownFileType = sourcecode.swift; path = ConstraintLayoutSupport.swift; sourceTree = "<group>"; };
		21C3F04D1EF5554700895D00 /* ConstraintLayoutGuideDSL.swift */ = {isa = PBXFileReference; fileEncoding = 4; lastKnownFileType = sourcecode.swift; path = ConstraintLayoutGuideDSL.swift; sourceTree = "<group>"; };
		21C3F04E1EF5554700895D00 /* ConstraintLayoutGuide+Extensions.swift */ = {isa = PBXFileReference; fileEncoding = 4; lastKnownFileType = sourcecode.swift; path = "ConstraintLayoutGuide+Extensions.swift"; sourceTree = "<group>"; };
		21C3F04F1EF5554700895D00 /* ConstraintLayoutGuide.swift */ = {isa = PBXFileReference; fileEncoding = 4; lastKnownFileType = sourcecode.swift; path = ConstraintLayoutGuide.swift; sourceTree = "<group>"; };
		21C3F0501EF5554700895D00 /* ConstraintItem.swift */ = {isa = PBXFileReference; fileEncoding = 4; lastKnownFileType = sourcecode.swift; path = ConstraintItem.swift; sourceTree = "<group>"; };
		21C3F0511EF5554700895D00 /* ConstraintInsetTarget.swift */ = {isa = PBXFileReference; fileEncoding = 4; lastKnownFileType = sourcecode.swift; path = ConstraintInsetTarget.swift; sourceTree = "<group>"; };
		21C3F0521EF5554700895D00 /* ConstraintInsets.swift */ = {isa = PBXFileReference; fileEncoding = 4; lastKnownFileType = sourcecode.swift; path = ConstraintInsets.swift; sourceTree = "<group>"; };
		21C3F0531EF5554700895D00 /* ConstraintDSL.swift */ = {isa = PBXFileReference; fileEncoding = 4; lastKnownFileType = sourcecode.swift; path = ConstraintDSL.swift; sourceTree = "<group>"; };
		21C3F0541EF5554700895D00 /* ConstraintDescription.swift */ = {isa = PBXFileReference; fileEncoding = 4; lastKnownFileType = sourcecode.swift; path = ConstraintDescription.swift; sourceTree = "<group>"; };
		21C3F0551EF5554700895D00 /* ConstraintConstantTarget.swift */ = {isa = PBXFileReference; fileEncoding = 4; lastKnownFileType = sourcecode.swift; path = ConstraintConstantTarget.swift; sourceTree = "<group>"; };
		21C3F0561EF5554700895D00 /* ConstraintConfig.swift */ = {isa = PBXFileReference; fileEncoding = 4; lastKnownFileType = sourcecode.swift; path = ConstraintConfig.swift; sourceTree = "<group>"; };
		21C3F0571EF5554700895D00 /* ConstraintAttributes.swift */ = {isa = PBXFileReference; fileEncoding = 4; lastKnownFileType = sourcecode.swift; path = ConstraintAttributes.swift; sourceTree = "<group>"; };
		21C3F0581EF5554700895D00 /* Constraint.swift */ = {isa = PBXFileReference; fileEncoding = 4; lastKnownFileType = sourcecode.swift; path = Constraint.swift; sourceTree = "<group>"; };
		21C3F07B1EF5557700895D00 /* UIView+MJExtension.m */ = {isa = PBXFileReference; fileEncoding = 4; lastKnownFileType = sourcecode.c.objc; path = "UIView+MJExtension.m"; sourceTree = "<group>"; };
		21C3F07C1EF5557700895D00 /* UIView+MJExtension.h */ = {isa = PBXFileReference; fileEncoding = 4; lastKnownFileType = sourcecode.c.h; path = "UIView+MJExtension.h"; sourceTree = "<group>"; };
		21C3F07D1EF5557700895D00 /* UIScrollView+MJRefresh.m */ = {isa = PBXFileReference; fileEncoding = 4; lastKnownFileType = sourcecode.c.objc; path = "UIScrollView+MJRefresh.m"; sourceTree = "<group>"; };
		21C3F07E1EF5557700895D00 /* UIScrollView+MJRefresh.h */ = {isa = PBXFileReference; fileEncoding = 4; lastKnownFileType = sourcecode.c.h; path = "UIScrollView+MJRefresh.h"; sourceTree = "<group>"; };
		21C3F07F1EF5557700895D00 /* UIScrollView+MJExtension.m */ = {isa = PBXFileReference; fileEncoding = 4; lastKnownFileType = sourcecode.c.objc; path = "UIScrollView+MJExtension.m"; sourceTree = "<group>"; };
		21C3F0801EF5557700895D00 /* UIScrollView+MJExtension.h */ = {isa = PBXFileReference; fileEncoding = 4; lastKnownFileType = sourcecode.c.h; path = "UIScrollView+MJExtension.h"; sourceTree = "<group>"; };
		21C3F0811EF5557700895D00 /* NSBundle+MJRefresh.m */ = {isa = PBXFileReference; fileEncoding = 4; lastKnownFileType = sourcecode.c.objc; path = "NSBundle+MJRefresh.m"; sourceTree = "<group>"; };
		21C3F0821EF5557700895D00 /* NSBundle+MJRefresh.h */ = {isa = PBXFileReference; fileEncoding = 4; lastKnownFileType = sourcecode.c.h; path = "NSBundle+MJRefresh.h"; sourceTree = "<group>"; };
		21C3F0831EF5557700895D00 /* MJRefreshConst.m */ = {isa = PBXFileReference; fileEncoding = 4; lastKnownFileType = sourcecode.c.objc; path = MJRefreshConst.m; sourceTree = "<group>"; };
		21C3F0841EF5557700895D00 /* MJRefreshConst.h */ = {isa = PBXFileReference; fileEncoding = 4; lastKnownFileType = sourcecode.c.h; path = MJRefreshConst.h; sourceTree = "<group>"; };
		21C3F0851EF5557700895D00 /* MJRefresh.h */ = {isa = PBXFileReference; fileEncoding = 4; lastKnownFileType = sourcecode.c.h; path = MJRefresh.h; sourceTree = "<group>"; };
		21C3F0861EF5557700895D00 /* MJRefresh.bundle */ = {isa = PBXFileReference; lastKnownFileType = "wrapper.plug-in"; path = MJRefresh.bundle; sourceTree = "<group>"; };
		21C3F08D1EF5559200895D00 /* MJRefreshAutoStateFooter.m */ = {isa = PBXFileReference; fileEncoding = 4; lastKnownFileType = sourcecode.c.objc; path = MJRefreshAutoStateFooter.m; sourceTree = "<group>"; };
		21C3F08E1EF5559200895D00 /* MJRefreshAutoStateFooter.h */ = {isa = PBXFileReference; fileEncoding = 4; lastKnownFileType = sourcecode.c.h; path = MJRefreshAutoStateFooter.h; sourceTree = "<group>"; };
		21C3F08F1EF5559200895D00 /* MJRefreshAutoNormalFooter.m */ = {isa = PBXFileReference; fileEncoding = 4; lastKnownFileType = sourcecode.c.objc; path = MJRefreshAutoNormalFooter.m; sourceTree = "<group>"; };
		21C3F0901EF5559200895D00 /* MJRefreshAutoNormalFooter.h */ = {isa = PBXFileReference; fileEncoding = 4; lastKnownFileType = sourcecode.c.h; path = MJRefreshAutoNormalFooter.h; sourceTree = "<group>"; };
		21C3F0911EF5559200895D00 /* MJRefreshAutoGifFooter.m */ = {isa = PBXFileReference; fileEncoding = 4; lastKnownFileType = sourcecode.c.objc; path = MJRefreshAutoGifFooter.m; sourceTree = "<group>"; };
		21C3F0921EF5559200895D00 /* MJRefreshAutoGifFooter.h */ = {isa = PBXFileReference; fileEncoding = 4; lastKnownFileType = sourcecode.c.h; path = MJRefreshAutoGifFooter.h; sourceTree = "<group>"; };
		21C3F0961EF555AC00895D00 /* MJRefreshStateHeader.m */ = {isa = PBXFileReference; fileEncoding = 4; lastKnownFileType = sourcecode.c.objc; path = MJRefreshStateHeader.m; sourceTree = "<group>"; };
		21C3F0971EF555AC00895D00 /* MJRefreshStateHeader.h */ = {isa = PBXFileReference; fileEncoding = 4; lastKnownFileType = sourcecode.c.h; path = MJRefreshStateHeader.h; sourceTree = "<group>"; };
		21C3F0981EF555AC00895D00 /* MJRefreshNormalHeader.m */ = {isa = PBXFileReference; fileEncoding = 4; lastKnownFileType = sourcecode.c.objc; path = MJRefreshNormalHeader.m; sourceTree = "<group>"; };
		21C3F0991EF555AC00895D00 /* MJRefreshNormalHeader.h */ = {isa = PBXFileReference; fileEncoding = 4; lastKnownFileType = sourcecode.c.h; path = MJRefreshNormalHeader.h; sourceTree = "<group>"; };
		21C3F09A1EF555AC00895D00 /* MJRefreshGifHeader.m */ = {isa = PBXFileReference; fileEncoding = 4; lastKnownFileType = sourcecode.c.objc; path = MJRefreshGifHeader.m; sourceTree = "<group>"; };
		21C3F09B1EF555AC00895D00 /* MJRefreshGifHeader.h */ = {isa = PBXFileReference; fileEncoding = 4; lastKnownFileType = sourcecode.c.h; path = MJRefreshGifHeader.h; sourceTree = "<group>"; };
		21C3F09F1EF555C500895D00 /* MJRefreshHeader.m */ = {isa = PBXFileReference; fileEncoding = 4; lastKnownFileType = sourcecode.c.objc; path = MJRefreshHeader.m; sourceTree = "<group>"; };
		21C3F0A01EF555C500895D00 /* MJRefreshHeader.h */ = {isa = PBXFileReference; fileEncoding = 4; lastKnownFileType = sourcecode.c.h; path = MJRefreshHeader.h; sourceTree = "<group>"; };
		21C3F0A11EF555C500895D00 /* MJRefreshFooter.m */ = {isa = PBXFileReference; fileEncoding = 4; lastKnownFileType = sourcecode.c.objc; path = MJRefreshFooter.m; sourceTree = "<group>"; };
		21C3F0A21EF555C500895D00 /* MJRefreshFooter.h */ = {isa = PBXFileReference; fileEncoding = 4; lastKnownFileType = sourcecode.c.h; path = MJRefreshFooter.h; sourceTree = "<group>"; };
		21C3F0A31EF555C500895D00 /* MJRefreshComponent.m */ = {isa = PBXFileReference; fileEncoding = 4; lastKnownFileType = sourcecode.c.objc; path = MJRefreshComponent.m; sourceTree = "<group>"; };
		21C3F0A41EF555C500895D00 /* MJRefreshComponent.h */ = {isa = PBXFileReference; fileEncoding = 4; lastKnownFileType = sourcecode.c.h; path = MJRefreshComponent.h; sourceTree = "<group>"; };
		21C3F0A51EF555C500895D00 /* MJRefreshBackFooter.m */ = {isa = PBXFileReference; fileEncoding = 4; lastKnownFileType = sourcecode.c.objc; path = MJRefreshBackFooter.m; sourceTree = "<group>"; };
		21C3F0A61EF555C500895D00 /* MJRefreshBackFooter.h */ = {isa = PBXFileReference; fileEncoding = 4; lastKnownFileType = sourcecode.c.h; path = MJRefreshBackFooter.h; sourceTree = "<group>"; };
		21C3F0A71EF555C500895D00 /* MJRefreshAutoFooter.m */ = {isa = PBXFileReference; fileEncoding = 4; lastKnownFileType = sourcecode.c.objc; path = MJRefreshAutoFooter.m; sourceTree = "<group>"; };
		21C3F0A81EF555C500895D00 /* MJRefreshAutoFooter.h */ = {isa = PBXFileReference; fileEncoding = 4; lastKnownFileType = sourcecode.c.h; path = MJRefreshAutoFooter.h; sourceTree = "<group>"; };
		21C3F0AE1EF555D600895D00 /* NJKWebViewProgressView.m */ = {isa = PBXFileReference; fileEncoding = 4; lastKnownFileType = sourcecode.c.objc; path = NJKWebViewProgressView.m; sourceTree = "<group>"; };
		21C3F0AF1EF555D600895D00 /* NJKWebViewProgressView.h */ = {isa = PBXFileReference; fileEncoding = 4; lastKnownFileType = sourcecode.c.h; path = NJKWebViewProgressView.h; sourceTree = "<group>"; };
		21C3F0B01EF555D600895D00 /* NJKWebViewProgress.m */ = {isa = PBXFileReference; fileEncoding = 4; lastKnownFileType = sourcecode.c.objc; path = NJKWebViewProgress.m; sourceTree = "<group>"; };
		21C3F0B11EF555D600895D00 /* NJKWebViewProgress.h */ = {isa = PBXFileReference; fileEncoding = 4; lastKnownFileType = sourcecode.c.h; path = NJKWebViewProgress.h; sourceTree = "<group>"; };
		21C3F0B41EF5567000895D00 /* ShopTypeCell.swift */ = {isa = PBXFileReference; fileEncoding = 4; lastKnownFileType = sourcecode.swift; path = ShopTypeCell.swift; sourceTree = "<group>"; };
		21C3F0B61EF5568900895D00 /* ShopGoodsCell.swift */ = {isa = PBXFileReference; fileEncoding = 4; lastKnownFileType = sourcecode.swift; path = ShopGoodsCell.swift; sourceTree = "<group>"; };
		2C644E011EE6FBA700B581DD /* homeCell.swift */ = {isa = PBXFileReference; fileEncoding = 4; lastKnownFileType = sourcecode.swift; path = homeCell.swift; sourceTree = "<group>"; };
		2C644E021EE6FBA700B581DD /* homeCell.xib */ = {isa = PBXFileReference; fileEncoding = 4; lastKnownFileType = file.xib; path = homeCell.xib; sourceTree = "<group>"; };
		2C644E081EE7104A00B581DD /* NewsViewController.swift */ = {isa = PBXFileReference; fileEncoding = 4; lastKnownFileType = sourcecode.swift; path = NewsViewController.swift; sourceTree = "<group>"; };
		2C6F7A331EDECEF4008268BE /* es_club.app */ = {isa = PBXFileReference; explicitFileType = wrapper.application; includeInIndex = 0; path = es_club.app; sourceTree = BUILT_PRODUCTS_DIR; };
		2C6F7A361EDECEF4008268BE /* AppDelegate.swift */ = {isa = PBXFileReference; lastKnownFileType = sourcecode.swift; path = AppDelegate.swift; sourceTree = "<group>"; };
		2C6F7A3B1EDECEF4008268BE /* Base */ = {isa = PBXFileReference; lastKnownFileType = file.storyboard; name = Base; path = Base.lproj/Main.storyboard; sourceTree = "<group>"; };
		2C6F7A3D1EDECEF4008268BE /* Assets.xcassets */ = {isa = PBXFileReference; lastKnownFileType = folder.assetcatalog; path = Assets.xcassets; sourceTree = "<group>"; };
		2C6F7A401EDECEF4008268BE /* Base */ = {isa = PBXFileReference; lastKnownFileType = file.storyboard; name = Base; path = Base.lproj/LaunchScreen.storyboard; sourceTree = "<group>"; };
		2C6F7A421EDECEF4008268BE /* Info.plist */ = {isa = PBXFileReference; lastKnownFileType = text.plist.xml; path = Info.plist; sourceTree = "<group>"; };
		2C6F7A4A1EDEDC7E008268BE /* HomeViewController.swift */ = {isa = PBXFileReference; fileEncoding = 4; lastKnownFileType = sourcecode.swift; path = HomeViewController.swift; sourceTree = "<group>"; };
		2C6F7A4C1EDEDCC5008268BE /* GuessViewController.swift */ = {isa = PBXFileReference; fileEncoding = 4; lastKnownFileType = sourcecode.swift; path = GuessViewController.swift; sourceTree = "<group>"; };
		2C6F7A501EDEDD00008268BE /* AccountViewController.swift */ = {isa = PBXFileReference; fileEncoding = 4; lastKnownFileType = sourcecode.swift; path = AccountViewController.swift; sourceTree = "<group>"; };
		2C6F7A521EDEDDBB008268BE /* BaseNavController.swift */ = {isa = PBXFileReference; fileEncoding = 4; lastKnownFileType = sourcecode.swift; path = BaseNavController.swift; sourceTree = "<group>"; };
		2CDD5C161EE698FD00BED69B /* bridging.h */ = {isa = PBXFileReference; lastKnownFileType = sourcecode.c.h; path = bridging.h; sourceTree = "<group>"; };
		2CDD5C181EE6990B00BED69B /* QuartzCore.framework */ = {isa = PBXFileReference; lastKnownFileType = wrapper.framework; name = QuartzCore.framework; path = System/Library/Frameworks/QuartzCore.framework; sourceTree = SDKROOT; };
		2CDD5C1A1EE6A53200BED69B /* UIKitEx.swift */ = {isa = PBXFileReference; fileEncoding = 4; lastKnownFileType = sourcecode.swift; path = UIKitEx.swift; sourceTree = "<group>"; };
		2CDD5C1C1EE6A7B200BED69B /* BaseTabBarController.swift */ = {isa = PBXFileReference; fileEncoding = 4; lastKnownFileType = sourcecode.swift; path = BaseTabBarController.swift; sourceTree = "<group>"; };
		2CDD5C801EE6BC4B00BED69B /* MJRefreshBackGifFooter.h */ = {isa = PBXFileReference; fileEncoding = 4; lastKnownFileType = sourcecode.c.h; path = MJRefreshBackGifFooter.h; sourceTree = "<group>"; };
		2CDD5C811EE6BC4B00BED69B /* MJRefreshBackGifFooter.m */ = {isa = PBXFileReference; fileEncoding = 4; lastKnownFileType = sourcecode.c.objc; path = MJRefreshBackGifFooter.m; sourceTree = "<group>"; };
		2CDD5C821EE6BC4B00BED69B /* MJRefreshBackNormalFooter.h */ = {isa = PBXFileReference; fileEncoding = 4; lastKnownFileType = sourcecode.c.h; path = MJRefreshBackNormalFooter.h; sourceTree = "<group>"; };
		2CDD5C831EE6BC4B00BED69B /* MJRefreshBackNormalFooter.m */ = {isa = PBXFileReference; fileEncoding = 4; lastKnownFileType = sourcecode.c.objc; path = MJRefreshBackNormalFooter.m; sourceTree = "<group>"; };
		2CDD5C841EE6BC4B00BED69B /* MJRefreshBackStateFooter.h */ = {isa = PBXFileReference; fileEncoding = 4; lastKnownFileType = sourcecode.c.h; path = MJRefreshBackStateFooter.h; sourceTree = "<group>"; };
		2CDD5C851EE6BC4B00BED69B /* MJRefreshBackStateFooter.m */ = {isa = PBXFileReference; fileEncoding = 4; lastKnownFileType = sourcecode.c.objc; path = MJRefreshBackStateFooter.m; sourceTree = "<group>"; };
/* End PBXFileReference section */

/* Begin PBXFrameworksBuildPhase section */
		2C6F7A301EDECEF4008268BE /* Frameworks */ = {
			isa = PBXFrameworksBuildPhase;
			buildActionMask = 2147483647;
			files = (
				2CDD5C191EE6990B00BED69B /* QuartzCore.framework in Frameworks */,
			);
			runOnlyForDeploymentPostprocessing = 0;
		};
/* End PBXFrameworksBuildPhase section */

/* Begin PBXGroup section */
		21381E131EF9709D00754BF0 /* MBProgressHUD */ = {
			isa = PBXGroup;
			children = (
				21381E141EF970CC00754BF0 /* MBProgressHUD.m */,
				21381E151EF970CC00754BF0 /* MBProgressHUD.h */,
			);
			path = MBProgressHUD;
			sourceTree = "<group>";
		};
		21381E171EF9718300754BF0 /* SDWebImage */ = {
			isa = PBXGroup;
			children = (
				21381E1B1EF9718300754BF0 /* MKAnnotationView+WebCache.h */,
				21381E1C1EF9718300754BF0 /* MKAnnotationView+WebCache.m */,
				21381E1D1EF9718300754BF0 /* NSData+ImageContentType.h */,
				21381E1E1EF9718300754BF0 /* NSData+ImageContentType.m */,
				21381E1F1EF9718300754BF0 /* NSImage+WebCache.h */,
				21381E201EF9718300754BF0 /* NSImage+WebCache.m */,
				21381E211EF9718300754BF0 /* SDImageCache.h */,
				21381E221EF9718300754BF0 /* SDImageCache.m */,
				21381E231EF9718300754BF0 /* SDImageCacheConfig.h */,
				21381E241EF9718300754BF0 /* SDImageCacheConfig.m */,
				21381E251EF9718300754BF0 /* SDWebImageCompat.h */,
				21381E261EF9718300754BF0 /* SDWebImageCompat.m */,
				21381E271EF9718300754BF0 /* SDWebImageDecoder.h */,
				21381E281EF9718300754BF0 /* SDWebImageDecoder.m */,
				21381E291EF9718300754BF0 /* SDWebImageDownloader.h */,
				21381E2A1EF9718300754BF0 /* SDWebImageDownloader.m */,
				21381E2B1EF9718300754BF0 /* SDWebImageDownloaderOperation.h */,
				21381E2C1EF9718300754BF0 /* SDWebImageDownloaderOperation.m */,
				21381E2D1EF9718300754BF0 /* SDWebImageManager.h */,
				21381E2E1EF9718300754BF0 /* SDWebImageManager.m */,
				21381E2F1EF9718300754BF0 /* SDWebImageOperation.h */,
				21381E301EF9718300754BF0 /* SDWebImagePrefetcher.h */,
				21381E311EF9718300754BF0 /* SDWebImagePrefetcher.m */,
				21381E321EF9718300754BF0 /* UIButton+WebCache.h */,
				21381E331EF9718300754BF0 /* UIButton+WebCache.m */,
				21381E341EF9718300754BF0 /* UIImage+GIF.h */,
				21381E351EF9718300754BF0 /* UIImage+GIF.m */,
				21381E361EF9718300754BF0 /* UIImage+MultiFormat.h */,
				21381E371EF9718300754BF0 /* UIImage+MultiFormat.m */,
				21381E381EF9718300754BF0 /* UIImage+WebP.h */,
				21381E391EF9718300754BF0 /* UIImage+WebP.m */,
				21381E3A1EF9718300754BF0 /* UIImageView+HighlightedWebCache.h */,
				21381E3B1EF9718300754BF0 /* UIImageView+HighlightedWebCache.m */,
				21381E3C1EF9718300754BF0 /* UIImageView+WebCache.h */,
				21381E3D1EF9718300754BF0 /* UIImageView+WebCache.m */,
				21381E3E1EF9718300754BF0 /* UIView+WebCache.h */,
				21381E3F1EF9718300754BF0 /* UIView+WebCache.m */,
				21381E401EF9718300754BF0 /* UIView+WebCacheOperation.h */,
				21381E411EF9718300754BF0 /* UIView+WebCacheOperation.m */,
			);
			path = SDWebImage;
			sourceTree = "<group>";
		};
		21381E561EF9792700754BF0 /* Model */ = {
			isa = PBXGroup;
			children = (
				21381E5E1EF97C6E00754BF0 /* GoodsModel.swift */,
				218FBF9A1F02A850009EC15C /* PayTypeModel.swift */,
			);
			path = Model;
			sourceTree = "<group>";
		};
		21381E571EF97B7500754BF0 /* SwiftyJSON */ = {
			isa = PBXGroup;
			children = (
				21381E5B1EF97BF600754BF0 /* SwiftyJSON.swift */,
				21381E5C1EF97BF600754BF0 /* SwiftyJSON.h */,
			);
			path = SwiftyJSON;
			sourceTree = "<group>";
		};
		21C3F0211EF5341A00895D00 /* shoping */ = {
			isa = PBXGroup;
			children = (
				21C3F02A1EF5547000895D00 /* ShopFinishViewController.swift */,
				21C3F0281EF5545800895D00 /* ShopViewController.swift */,
				218FBF981F028F70009EC15C /* ShopOrderViewController.swift */,
			);
			path = shoping;
			sourceTree = "<group>";
		};
		2C644DFE1EE6F8ED00B581DD /* View */ = {
			isa = PBXGroup;
			children = (
				21C3F0261EF5343600895D00 /* ShopSelectView.swift */,
				2160EBCD1EFDF135005B8B7E /* ShopSelectCell.swift */,
				2C644E011EE6FBA700B581DD /* homeCell.swift */,
				2C644E021EE6FBA700B581DD /* homeCell.xib */,
				21C3F0B41EF5567000895D00 /* ShopTypeCell.swift */,
				21C3F0B61EF5568900895D00 /* ShopGoodsCell.swift */,
			);
			path = View;
			sourceTree = "<group>";
		};
		2C644E071EE7102800B581DD /* Home */ = {
			isa = PBXGroup;
			children = (
				2C6F7A4A1EDEDC7E008268BE /* HomeViewController.swift */,
				2C644E081EE7104A00B581DD /* NewsViewController.swift */,
			);
			path = Home;
			sourceTree = "<group>";
		};
		2C644E371EE728AD00B581DD /* NJKWebViewProgress */ = {
			isa = PBXGroup;
			children = (
				21C3F0AE1EF555D600895D00 /* NJKWebViewProgressView.m */,
				21C3F0AF1EF555D600895D00 /* NJKWebViewProgressView.h */,
				21C3F0B01EF555D600895D00 /* NJKWebViewProgress.m */,
				21C3F0B11EF555D600895D00 /* NJKWebViewProgress.h */,
			);
			path = NJKWebViewProgress;
			sourceTree = "<group>";
		};
		2C6F7A2A1EDECEF4008268BE = {
			isa = PBXGroup;
			children = (
				2C6F7A351EDECEF4008268BE /* es_club */,
				2C6F7A341EDECEF4008268BE /* Products */,
				2CDD5C171EE6990B00BED69B /* Frameworks */,
			);
			sourceTree = "<group>";
		};
		2C6F7A341EDECEF4008268BE /* Products */ = {
			isa = PBXGroup;
			children = (
				2C6F7A331EDECEF4008268BE /* es_club.app */,
			);
			name = Products;
			sourceTree = "<group>";
		};
		2C6F7A351EDECEF4008268BE /* es_club */ = {
			isa = PBXGroup;
			children = (
				21381E561EF9792700754BF0 /* Model */,
				2C6F7A491EDEDC5C008268BE /* Controller */,
				2C644DFE1EE6F8ED00B581DD /* View */,
				2C6F7A481EDED945008268BE /* Common */,
				2C6F7A361EDECEF4008268BE /* AppDelegate.swift */,
				21C3F02C1EF554B300895D00 /* HomeStoryboard.storyboard */,
				2C6F7A3A1EDECEF4008268BE /* Main.storyboard */,
				2C6F7A3D1EDECEF4008268BE /* Assets.xcassets */,
				2C6F7A3F1EDECEF4008268BE /* LaunchScreen.storyboard */,
				2C6F7A421EDECEF4008268BE /* Info.plist */,
				2CDD5C161EE698FD00BED69B /* bridging.h */,
			);
			path = es_club;
			sourceTree = "<group>";
		};
		2C6F7A481EDED945008268BE /* Common */ = {
			isa = PBXGroup;
			children = (
				21381E571EF97B7500754BF0 /* SwiftyJSON */,
				21381E171EF9718300754BF0 /* SDWebImage */,
				21381E131EF9709D00754BF0 /* MBProgressHUD */,
				2C644E371EE728AD00B581DD /* NJKWebViewProgress */,
				2CDD5C6A1EE6BC4B00BED69B /* MJRefresh */,
				2CDD5C241EE6BBB200BED69B /* Source */,
				2CDD5C1E1EE6AAD100BED69B /* XRCarouselView */,
				2CDD5C0F1EE697F300BED69B /* HMSegmentedControl */,
				2C6F7A521EDEDDBB008268BE /* BaseNavController.swift */,
				2CDD5C1C1EE6A7B200BED69B /* BaseTabBarController.swift */,
				2160EBCF1F001594005B8B7E /* Const.swift */,
				2CDD5C1A1EE6A53200BED69B /* UIKitEx.swift */,
			);
			path = Common;
			sourceTree = "<group>";
		};
		2C6F7A491EDEDC5C008268BE /* Controller */ = {
			isa = PBXGroup;
			children = (
				21C3F0211EF5341A00895D00 /* shoping */,
				2C644E071EE7102800B581DD /* Home */,
				2C6F7A4C1EDEDCC5008268BE /* GuessViewController.swift */,
				2C6F7A501EDEDD00008268BE /* AccountViewController.swift */,
			);
			path = Controller;
			sourceTree = "<group>";
		};
		2CDD5C0F1EE697F300BED69B /* HMSegmentedControl */ = {
			isa = PBXGroup;
			children = (
				21C3F02E1EF554E900895D00 /* HMSegmentedControl.m */,
				21C3F02F1EF554E900895D00 /* HMSegmentedControl.h */,
			);
			path = HMSegmentedControl;
			sourceTree = "<group>";
		};
		2CDD5C171EE6990B00BED69B /* Frameworks */ = {
			isa = PBXGroup;
			children = (
				2CDD5C181EE6990B00BED69B /* QuartzCore.framework */,
			);
			name = Frameworks;
			sourceTree = "<group>";
		};
		2CDD5C1E1EE6AAD100BED69B /* XRCarouselView */ = {
			isa = PBXGroup;
			children = (
				21C3F0311EF5553100895D00 /* XRPlaceholder.png */,
				21C3F0321EF5553100895D00 /* XRCarouselView.m */,
				21C3F0331EF5553100895D00 /* XRCarouselView.h */,
			);
			path = XRCarouselView;
			sourceTree = "<group>";
		};
		2CDD5C241EE6BBB200BED69B /* Source */ = {
			isa = PBXGroup;
			children = (
				21C3F0361EF5554700895D00 /* UILayoutSupport+Extensions.swift */,
				21C3F0371EF5554700895D00 /* SnapKit.h */,
				21C3F0381EF5554700895D00 /* LayoutConstraintItem.swift */,
				21C3F0391EF5554700895D00 /* LayoutConstraint.swift */,
				21C3F03A1EF5554700895D00 /* Info.plist */,
				21C3F03B1EF5554700895D00 /* Debugging.swift */,
				21C3F03C1EF5554700895D00 /* ConstraintViewDSL.swift */,
				21C3F03D1EF5554700895D00 /* ConstraintView+Extensions.swift */,
				21C3F03E1EF5554700895D00 /* ConstraintView.swift */,
				21C3F03F1EF5554700895D00 /* ConstraintRelation.swift */,
				21C3F0401EF5554700895D00 /* ConstraintRelatableTarget.swift */,
				21C3F0411EF5554700895D00 /* ConstraintPriorityTarget.swift */,
				21C3F0421EF5554700895D00 /* ConstraintPriority.swift */,
				21C3F0431EF5554700895D00 /* ConstraintOffsetTarget.swift */,
				21C3F0441EF5554700895D00 /* ConstraintMultiplierTarget.swift */,
				21C3F0451EF5554700895D00 /* ConstraintMakerRelatable.swift */,
				21C3F0461EF5554700895D00 /* ConstraintMakerPriortizable.swift */,
				21C3F0471EF5554700895D00 /* ConstraintMakerFinalizable.swift */,
				21C3F0481EF5554700895D00 /* ConstraintMakerExtendable.swift */,
				21C3F0491EF5554700895D00 /* ConstraintMakerEditable.swift */,
				21C3F04A1EF5554700895D00 /* ConstraintMaker.swift */,
				21C3F04B1EF5554700895D00 /* ConstraintLayoutSupportDSL.swift */,
				21C3F04C1EF5554700895D00 /* ConstraintLayoutSupport.swift */,
				21C3F04D1EF5554700895D00 /* ConstraintLayoutGuideDSL.swift */,
				21C3F04E1EF5554700895D00 /* ConstraintLayoutGuide+Extensions.swift */,
				21C3F04F1EF5554700895D00 /* ConstraintLayoutGuide.swift */,
				21C3F0501EF5554700895D00 /* ConstraintItem.swift */,
				21C3F0511EF5554700895D00 /* ConstraintInsetTarget.swift */,
				21C3F0521EF5554700895D00 /* ConstraintInsets.swift */,
				21C3F0531EF5554700895D00 /* ConstraintDSL.swift */,
				21C3F0541EF5554700895D00 /* ConstraintDescription.swift */,
				21C3F0551EF5554700895D00 /* ConstraintConstantTarget.swift */,
				21C3F0561EF5554700895D00 /* ConstraintConfig.swift */,
				21C3F0571EF5554700895D00 /* ConstraintAttributes.swift */,
				21C3F0581EF5554700895D00 /* Constraint.swift */,
			);
			path = Source;
			sourceTree = "<group>";
		};
		2CDD5C6A1EE6BC4B00BED69B /* MJRefresh */ = {
			isa = PBXGroup;
			children = (
				2CDD5C6B1EE6BC4B00BED69B /* Base */,
				2CDD5C761EE6BC4B00BED69B /* Custom */,
				21C3F07B1EF5557700895D00 /* UIView+MJExtension.m */,
				21C3F07C1EF5557700895D00 /* UIView+MJExtension.h */,
				21C3F07D1EF5557700895D00 /* UIScrollView+MJRefresh.m */,
				21C3F07E1EF5557700895D00 /* UIScrollView+MJRefresh.h */,
				21C3F07F1EF5557700895D00 /* UIScrollView+MJExtension.m */,
				21C3F0801EF5557700895D00 /* UIScrollView+MJExtension.h */,
				21C3F0811EF5557700895D00 /* NSBundle+MJRefresh.m */,
				21C3F0821EF5557700895D00 /* NSBundle+MJRefresh.h */,
				21C3F0831EF5557700895D00 /* MJRefreshConst.m */,
				21C3F0841EF5557700895D00 /* MJRefreshConst.h */,
				21C3F0851EF5557700895D00 /* MJRefresh.h */,
				21C3F0861EF5557700895D00 /* MJRefresh.bundle */,
			);
			path = MJRefresh;
			sourceTree = "<group>";
		};
		2CDD5C6B1EE6BC4B00BED69B /* Base */ = {
			isa = PBXGroup;
			children = (
				21C3F09F1EF555C500895D00 /* MJRefreshHeader.m */,
				21C3F0A01EF555C500895D00 /* MJRefreshHeader.h */,
				21C3F0A11EF555C500895D00 /* MJRefreshFooter.m */,
				21C3F0A21EF555C500895D00 /* MJRefreshFooter.h */,
				21C3F0A31EF555C500895D00 /* MJRefreshComponent.m */,
				21C3F0A41EF555C500895D00 /* MJRefreshComponent.h */,
				21C3F0A51EF555C500895D00 /* MJRefreshBackFooter.m */,
				21C3F0A61EF555C500895D00 /* MJRefreshBackFooter.h */,
				21C3F0A71EF555C500895D00 /* MJRefreshAutoFooter.m */,
				21C3F0A81EF555C500895D00 /* MJRefreshAutoFooter.h */,
			);
			path = Base;
			sourceTree = "<group>";
		};
		2CDD5C761EE6BC4B00BED69B /* Custom */ = {
			isa = PBXGroup;
			children = (
				2CDD5C771EE6BC4B00BED69B /* Footer */,
				2CDD5C861EE6BC4B00BED69B /* Header */,
			);
			path = Custom;
			sourceTree = "<group>";
		};
		2CDD5C771EE6BC4B00BED69B /* Footer */ = {
			isa = PBXGroup;
			children = (
				2CDD5C781EE6BC4B00BED69B /* Auto */,
				2CDD5C7F1EE6BC4B00BED69B /* Back */,
			);
			path = Footer;
			sourceTree = "<group>";
		};
		2CDD5C781EE6BC4B00BED69B /* Auto */ = {
			isa = PBXGroup;
			children = (
				21C3F08D1EF5559200895D00 /* MJRefreshAutoStateFooter.m */,
				21C3F08E1EF5559200895D00 /* MJRefreshAutoStateFooter.h */,
				21C3F08F1EF5559200895D00 /* MJRefreshAutoNormalFooter.m */,
				21C3F0901EF5559200895D00 /* MJRefreshAutoNormalFooter.h */,
				21C3F0911EF5559200895D00 /* MJRefreshAutoGifFooter.m */,
				21C3F0921EF5559200895D00 /* MJRefreshAutoGifFooter.h */,
			);
			path = Auto;
			sourceTree = "<group>";
		};
		2CDD5C7F1EE6BC4B00BED69B /* Back */ = {
			isa = PBXGroup;
			children = (
				2CDD5C801EE6BC4B00BED69B /* MJRefreshBackGifFooter.h */,
				2CDD5C811EE6BC4B00BED69B /* MJRefreshBackGifFooter.m */,
				2CDD5C821EE6BC4B00BED69B /* MJRefreshBackNormalFooter.h */,
				2CDD5C831EE6BC4B00BED69B /* MJRefreshBackNormalFooter.m */,
				2CDD5C841EE6BC4B00BED69B /* MJRefreshBackStateFooter.h */,
				2CDD5C851EE6BC4B00BED69B /* MJRefreshBackStateFooter.m */,
			);
			path = Back;
			sourceTree = "<group>";
		};
		2CDD5C861EE6BC4B00BED69B /* Header */ = {
			isa = PBXGroup;
			children = (
				21C3F0961EF555AC00895D00 /* MJRefreshStateHeader.m */,
				21C3F0971EF555AC00895D00 /* MJRefreshStateHeader.h */,
				21C3F0981EF555AC00895D00 /* MJRefreshNormalHeader.m */,
				21C3F0991EF555AC00895D00 /* MJRefreshNormalHeader.h */,
				21C3F09A1EF555AC00895D00 /* MJRefreshGifHeader.m */,
				21C3F09B1EF555AC00895D00 /* MJRefreshGifHeader.h */,
			);
			path = Header;
			sourceTree = "<group>";
		};
/* End PBXGroup section */

/* Begin PBXNativeTarget section */
		2C6F7A321EDECEF4008268BE /* es_club */ = {
			isa = PBXNativeTarget;
			buildConfigurationList = 2C6F7A451EDECEF4008268BE /* Build configuration list for PBXNativeTarget "es_club" */;
			buildPhases = (
				2C6F7A2F1EDECEF4008268BE /* Sources */,
				2C6F7A301EDECEF4008268BE /* Frameworks */,
				2C6F7A311EDECEF4008268BE /* Resources */,
			);
			buildRules = (
			);
			dependencies = (
			);
			name = es_club;
			productName = es_club;
			productReference = 2C6F7A331EDECEF4008268BE /* es_club.app */;
			productType = "com.apple.product-type.application";
		};
/* End PBXNativeTarget section */

/* Begin PBXProject section */
		2C6F7A2B1EDECEF4008268BE /* Project object */ = {
			isa = PBXProject;
			attributes = {
				LastSwiftUpdateCheck = 0830;
				LastUpgradeCheck = 0830;
				ORGANIZATIONNAME = "岳业骑";
				TargetAttributes = {
					2C6F7A321EDECEF4008268BE = {
						CreatedOnToolsVersion = 8.3.2;
						DevelopmentTeam = 2LMY96FMMA;
						ProvisioningStyle = Automatic;
					};
				};
			};
			buildConfigurationList = 2C6F7A2E1EDECEF4008268BE /* Build configuration list for PBXProject "es_club" */;
			compatibilityVersion = "Xcode 3.2";
			developmentRegion = English;
			hasScannedForEncodings = 0;
			knownRegions = (
				en,
				Base,
				da,
				de,
				"es-ES",
				es,
				fr,
				ja,
				pt,
				"zh-Hans",
				"zh-Hant",
			);
			mainGroup = 2C6F7A2A1EDECEF4008268BE;
			productRefGroup = 2C6F7A341EDECEF4008268BE /* Products */;
			projectDirPath = "";
			projectRoot = "";
			targets = (
				2C6F7A321EDECEF4008268BE /* es_club */,
			);
		};
/* End PBXProject section */

/* Begin PBXResourcesBuildPhase section */
		2C6F7A311EDECEF4008268BE /* Resources */ = {
			isa = PBXResourcesBuildPhase;
			buildActionMask = 2147483647;
			files = (
				2C6F7A411EDECEF4008268BE /* LaunchScreen.storyboard in Resources */,
				21C3F0341EF5553100895D00 /* XRPlaceholder.png in Resources */,
				21C3F05C1EF5554700895D00 /* Info.plist in Resources */,
				21C3F02D1EF554B300895D00 /* HomeStoryboard.storyboard in Resources */,
				2C6F7A3E1EDECEF4008268BE /* Assets.xcassets in Resources */,
				2C6F7A3C1EDECEF4008268BE /* Main.storyboard in Resources */,
				2C644E041EE6FBA700B581DD /* homeCell.xib in Resources */,
				21C3F08C1EF5557700895D00 /* MJRefresh.bundle in Resources */,
			);
			runOnlyForDeploymentPostprocessing = 0;
		};
/* End PBXResourcesBuildPhase section */

/* Begin PBXSourcesBuildPhase section */
		2C6F7A2F1EDECEF4008268BE /* Sources */ = {
			isa = PBXSourcesBuildPhase;
			buildActionMask = 2147483647;
			files = (
				21C3F06C1EF5554700895D00 /* ConstraintMaker.swift in Sources */,
				21C3F0B21EF555D600895D00 /* NJKWebViewProgressView.m in Sources */,
				21C3F0771EF5554700895D00 /* ConstraintConstantTarget.swift in Sources */,
				2160EBD01F001594005B8B7E /* Const.swift in Sources */,
				21381E4C1EF9718300754BF0 /* SDWebImageManager.m in Sources */,
				21381E531EF9718300754BF0 /* UIImageView+WebCache.m in Sources */,
				2C6F7A511EDEDD00008268BE /* AccountViewController.swift in Sources */,
				2CDD5C1D1EE6A7B200BED69B /* BaseTabBarController.swift in Sources */,
				21C3F0651EF5554700895D00 /* ConstraintOffsetTarget.swift in Sources */,
				21C3F0AC1EF555C500895D00 /* MJRefreshBackFooter.m in Sources */,
				21C3F06D1EF5554700895D00 /* ConstraintLayoutSupportDSL.swift in Sources */,
				2C644E091EE7104A00B581DD /* NewsViewController.swift in Sources */,
				21C3F0681EF5554700895D00 /* ConstraintMakerPriortizable.swift in Sources */,
				21C3F0301EF554E900895D00 /* HMSegmentedControl.m in Sources */,
				21C3F07A1EF5554700895D00 /* Constraint.swift in Sources */,
				21C3F0661EF5554700895D00 /* ConstraintMultiplierTarget.swift in Sources */,
				21C3F0881EF5557700895D00 /* UIScrollView+MJRefresh.m in Sources */,
				21C3F08A1EF5557700895D00 /* NSBundle+MJRefresh.m in Sources */,
				21381E4B1EF9718300754BF0 /* SDWebImageDownloaderOperation.m in Sources */,
				21C3F0951EF5559200895D00 /* MJRefreshAutoGifFooter.m in Sources */,
				2CDD5CA11EE6BC4B00BED69B /* MJRefreshBackGifFooter.m in Sources */,
				21381E4D1EF9718300754BF0 /* SDWebImagePrefetcher.m in Sources */,
				2C6F7A4D1EDEDCC5008268BE /* GuessViewController.swift in Sources */,
				21C3F0B31EF555D600895D00 /* NJKWebViewProgress.m in Sources */,
				21C3F0271EF5343600895D00 /* ShopSelectView.swift in Sources */,
				21C3F0B71EF5568900895D00 /* ShopGoodsCell.swift in Sources */,
				21C3F0761EF5554700895D00 /* ConstraintDescription.swift in Sources */,
				21C3F0351EF5553100895D00 /* XRCarouselView.m in Sources */,
				21C3F06F1EF5554700895D00 /* ConstraintLayoutGuideDSL.swift in Sources */,
				21381E4A1EF9718300754BF0 /* SDWebImageDownloader.m in Sources */,
				21C3F0781EF5554700895D00 /* ConstraintConfig.swift in Sources */,
				21C3F0721EF5554700895D00 /* ConstraintItem.swift in Sources */,
				21381E5D1EF97BF600754BF0 /* SwiftyJSON.swift in Sources */,
				21C3F02B1EF5547000895D00 /* ShopFinishViewController.swift in Sources */,
				2CDD5C1B1EE6A53200BED69B /* UIKitEx.swift in Sources */,
				2CDD5CA31EE6BC4B00BED69B /* MJRefreshBackStateFooter.m in Sources */,
				21381E4F1EF9718300754BF0 /* UIImage+GIF.m in Sources */,
				21381E511EF9718300754BF0 /* UIImage+WebP.m in Sources */,
				21C3F0631EF5554700895D00 /* ConstraintPriorityTarget.swift in Sources */,
				21C3F05A1EF5554700895D00 /* LayoutConstraintItem.swift in Sources */,
				21C3F05B1EF5554700895D00 /* LayoutConstraint.swift in Sources */,
				21C3F0671EF5554700895D00 /* ConstraintMakerRelatable.swift in Sources */,
				218FBF9B1F02A850009EC15C /* PayTypeModel.swift in Sources */,
				21C3F0791EF5554700895D00 /* ConstraintAttributes.swift in Sources */,
				21C3F0A91EF555C500895D00 /* MJRefreshHeader.m in Sources */,
				21C3F0691EF5554700895D00 /* ConstraintMakerFinalizable.swift in Sources */,
				21C3F05F1EF5554700895D00 /* ConstraintView+Extensions.swift in Sources */,
				21C3F0611EF5554700895D00 /* ConstraintRelation.swift in Sources */,
				21C3F0591EF5554700895D00 /* UILayoutSupport+Extensions.swift in Sources */,
				21C3F09C1EF555AC00895D00 /* MJRefreshStateHeader.m in Sources */,
				2CDD5CA21EE6BC4B00BED69B /* MJRefreshBackNormalFooter.m in Sources */,
				21C3F0601EF5554700895D00 /* ConstraintView.swift in Sources */,
				21381E481EF9718300754BF0 /* SDWebImageCompat.m in Sources */,
				21381E521EF9718300754BF0 /* UIImageView+HighlightedWebCache.m in Sources */,
				21C3F06E1EF5554700895D00 /* ConstraintLayoutSupport.swift in Sources */,
				21381E501EF9718300754BF0 /* UIImage+MultiFormat.m in Sources */,
				21381E4E1EF9718300754BF0 /* UIButton+WebCache.m in Sources */,
				21381E451EF9718300754BF0 /* NSImage+WebCache.m in Sources */,
				21C3F06B1EF5554700895D00 /* ConstraintMakerEditable.swift in Sources */,
				21C3F05D1EF5554700895D00 /* Debugging.swift in Sources */,
				21C3F0291EF5545800895D00 /* ShopViewController.swift in Sources */,
				21381E161EF970CC00754BF0 /* MBProgressHUD.m in Sources */,
				21C3F0871EF5557700895D00 /* UIView+MJExtension.m in Sources */,
				21C3F0701EF5554700895D00 /* ConstraintLayoutGuide+Extensions.swift in Sources */,
				21C3F0641EF5554700895D00 /* ConstraintPriority.swift in Sources */,
				21C3F08B1EF5557700895D00 /* MJRefreshConst.m in Sources */,
				2C6F7A371EDECEF4008268BE /* AppDelegate.swift in Sources */,
				21C3F0931EF5559200895D00 /* MJRefreshAutoStateFooter.m in Sources */,
				218FBF991F028F70009EC15C /* ShopOrderViewController.swift in Sources */,
				21381E551EF9718300754BF0 /* UIView+WebCacheOperation.m in Sources */,
				2C644E031EE6FBA700B581DD /* homeCell.swift in Sources */,
				2C6F7A531EDEDDBB008268BE /* BaseNavController.swift in Sources */,
				21C3F0AD1EF555C500895D00 /* MJRefreshAutoFooter.m in Sources */,
				21C3F0AB1EF555C500895D00 /* MJRefreshComponent.m in Sources */,
				2C6F7A4B1EDEDC7E008268BE /* HomeViewController.swift in Sources */,
				21C3F0751EF5554700895D00 /* ConstraintDSL.swift in Sources */,
				21C3F0941EF5559200895D00 /* MJRefreshAutoNormalFooter.m in Sources */,
				21C3F0621EF5554700895D00 /* ConstraintRelatableTarget.swift in Sources */,
				21C3F0B51EF5567000895D00 /* ShopTypeCell.swift in Sources */,
				21381E5F1EF97C6E00754BF0 /* GoodsModel.swift in Sources */,
				21C3F0741EF5554700895D00 /* ConstraintInsets.swift in Sources */,
				21C3F0711EF5554700895D00 /* ConstraintLayoutGuide.swift in Sources */,
				21381E471EF9718300754BF0 /* SDImageCacheConfig.m in Sources */,
				21C3F09E1EF555AC00895D00 /* MJRefreshGifHeader.m in Sources */,
				21C3F0891EF5557700895D00 /* UIScrollView+MJExtension.m in Sources */,
				21C3F09D1EF555AC00895D00 /* MJRefreshNormalHeader.m in Sources */,
				21C3F0731EF5554700895D00 /* ConstraintInsetTarget.swift in Sources */,
				2160EBCE1EFDF135005B8B7E /* ShopSelectCell.swift in Sources */,
				21381E431EF9718300754BF0 /* MKAnnotationView+WebCache.m in Sources */,
				21381E461EF9718300754BF0 /* SDImageCache.m in Sources */,
				21381E441EF9718300754BF0 /* NSData+ImageContentType.m in Sources */,
				21C3F06A1EF5554700895D00 /* ConstraintMakerExtendable.swift in Sources */,
				21381E541EF9718300754BF0 /* UIView+WebCache.m in Sources */,
				21381E491EF9718300754BF0 /* SDWebImageDecoder.m in Sources */,
				21C3F05E1EF5554700895D00 /* ConstraintViewDSL.swift in Sources */,
				21C3F0AA1EF555C500895D00 /* MJRefreshFooter.m in Sources */,
			);
			runOnlyForDeploymentPostprocessing = 0;
		};
/* End PBXSourcesBuildPhase section */

/* Begin PBXVariantGroup section */
		2C6F7A3A1EDECEF4008268BE /* Main.storyboard */ = {
			isa = PBXVariantGroup;
			children = (
				2C6F7A3B1EDECEF4008268BE /* Base */,
			);
			name = Main.storyboard;
			sourceTree = "<group>";
		};
		2C6F7A3F1EDECEF4008268BE /* LaunchScreen.storyboard */ = {
			isa = PBXVariantGroup;
			children = (
				2C6F7A401EDECEF4008268BE /* Base */,
			);
			name = LaunchScreen.storyboard;
			sourceTree = "<group>";
		};
/* End PBXVariantGroup section */

/* Begin XCBuildConfiguration section */
		2C6F7A431EDECEF4008268BE /* Debug */ = {
			isa = XCBuildConfiguration;
			buildSettings = {
				ALWAYS_SEARCH_USER_PATHS = NO;
				CLANG_ANALYZER_NONNULL = YES;
				CLANG_ANALYZER_NUMBER_OBJECT_CONVERSION = YES_AGGRESSIVE;
				CLANG_CXX_LANGUAGE_STANDARD = "gnu++0x";
				CLANG_CXX_LIBRARY = "libc++";
				CLANG_ENABLE_MODULES = YES;
				CLANG_ENABLE_OBJC_ARC = YES;
				CLANG_WARN_BOOL_CONVERSION = YES;
				CLANG_WARN_CONSTANT_CONVERSION = YES;
				CLANG_WARN_DIRECT_OBJC_ISA_USAGE = YES_ERROR;
				CLANG_WARN_DOCUMENTATION_COMMENTS = YES;
				CLANG_WARN_EMPTY_BODY = YES;
				CLANG_WARN_ENUM_CONVERSION = YES;
				CLANG_WARN_INFINITE_RECURSION = YES;
				CLANG_WARN_INT_CONVERSION = YES;
				CLANG_WARN_OBJC_ROOT_CLASS = YES_ERROR;
				CLANG_WARN_SUSPICIOUS_MOVE = YES;
				CLANG_WARN_UNREACHABLE_CODE = YES;
				CLANG_WARN__DUPLICATE_METHOD_MATCH = YES;
				"CODE_SIGN_IDENTITY[sdk=iphoneos*]" = "iPhone Developer";
				COPY_PHASE_STRIP = NO;
				DEBUG_INFORMATION_FORMAT = dwarf;
				ENABLE_STRICT_OBJC_MSGSEND = YES;
				ENABLE_TESTABILITY = YES;
				GCC_C_LANGUAGE_STANDARD = gnu99;
				GCC_DYNAMIC_NO_PIC = NO;
				GCC_NO_COMMON_BLOCKS = YES;
				GCC_OPTIMIZATION_LEVEL = 0;
				GCC_PREPROCESSOR_DEFINITIONS = (
					"DEBUG=1",
					"$(inherited)",
				);
				GCC_WARN_64_TO_32_BIT_CONVERSION = YES;
				GCC_WARN_ABOUT_RETURN_TYPE = YES_ERROR;
				GCC_WARN_UNDECLARED_SELECTOR = YES;
				GCC_WARN_UNINITIALIZED_AUTOS = YES_AGGRESSIVE;
				GCC_WARN_UNUSED_FUNCTION = YES;
				GCC_WARN_UNUSED_VARIABLE = YES;
				IPHONEOS_DEPLOYMENT_TARGET = 10.3;
				MTL_ENABLE_DEBUG_INFO = YES;
				ONLY_ACTIVE_ARCH = YES;
				SDKROOT = iphoneos;
				SWIFT_ACTIVE_COMPILATION_CONDITIONS = DEBUG;
				SWIFT_OPTIMIZATION_LEVEL = "-Onone";
				TARGETED_DEVICE_FAMILY = "1,2";
			};
			name = Debug;
		};
		2C6F7A441EDECEF4008268BE /* Release */ = {
			isa = XCBuildConfiguration;
			buildSettings = {
				ALWAYS_SEARCH_USER_PATHS = NO;
				CLANG_ANALYZER_NONNULL = YES;
				CLANG_ANALYZER_NUMBER_OBJECT_CONVERSION = YES_AGGRESSIVE;
				CLANG_CXX_LANGUAGE_STANDARD = "gnu++0x";
				CLANG_CXX_LIBRARY = "libc++";
				CLANG_ENABLE_MODULES = YES;
				CLANG_ENABLE_OBJC_ARC = YES;
				CLANG_WARN_BOOL_CONVERSION = YES;
				CLANG_WARN_CONSTANT_CONVERSION = YES;
				CLANG_WARN_DIRECT_OBJC_ISA_USAGE = YES_ERROR;
				CLANG_WARN_DOCUMENTATION_COMMENTS = YES;
				CLANG_WARN_EMPTY_BODY = YES;
				CLANG_WARN_ENUM_CONVERSION = YES;
				CLANG_WARN_INFINITE_RECURSION = YES;
				CLANG_WARN_INT_CONVERSION = YES;
				CLANG_WARN_OBJC_ROOT_CLASS = YES_ERROR;
				CLANG_WARN_SUSPICIOUS_MOVE = YES;
				CLANG_WARN_UNREACHABLE_CODE = YES;
				CLANG_WARN__DUPLICATE_METHOD_MATCH = YES;
				"CODE_SIGN_IDENTITY[sdk=iphoneos*]" = "iPhone Developer";
				COPY_PHASE_STRIP = NO;
				DEBUG_INFORMATION_FORMAT = "dwarf-with-dsym";
				ENABLE_NS_ASSERTIONS = NO;
				ENABLE_STRICT_OBJC_MSGSEND = YES;
				GCC_C_LANGUAGE_STANDARD = gnu99;
				GCC_NO_COMMON_BLOCKS = YES;
				GCC_WARN_64_TO_32_BIT_CONVERSION = YES;
				GCC_WARN_ABOUT_RETURN_TYPE = YES_ERROR;
				GCC_WARN_UNDECLARED_SELECTOR = YES;
				GCC_WARN_UNINITIALIZED_AUTOS = YES_AGGRESSIVE;
				GCC_WARN_UNUSED_FUNCTION = YES;
				GCC_WARN_UNUSED_VARIABLE = YES;
				IPHONEOS_DEPLOYMENT_TARGET = 10.3;
				MTL_ENABLE_DEBUG_INFO = NO;
				SDKROOT = iphoneos;
				SWIFT_OPTIMIZATION_LEVEL = "-Owholemodule";
				TARGETED_DEVICE_FAMILY = "1,2";
				VALIDATE_PRODUCT = YES;
			};
			name = Release;
		};
		2C6F7A461EDECEF4008268BE /* Debug */ = {
			isa = XCBuildConfiguration;
			buildSettings = {
				ASSETCATALOG_COMPILER_APPICON_NAME = AppIcon;
				DEVELOPMENT_TEAM = 2LMY96FMMA;
				INFOPLIST_FILE = es_club/Info.plist;
				IPHONEOS_DEPLOYMENT_TARGET = 9.0;
				LD_RUNPATH_SEARCH_PATHS = "$(inherited) @executable_path/Frameworks";
				PRODUCT_BUNDLE_IDENTIFIER = "com.yinshen.es-club";
				PRODUCT_NAME = "$(TARGET_NAME)";
				SWIFT_OBJC_BRIDGING_HEADER = es_club/bridging.h;
				SWIFT_VERSION = 3.0;
			};
			name = Debug;
		};
		2C6F7A471EDECEF4008268BE /* Release */ = {
			isa = XCBuildConfiguration;
			buildSettings = {
				ASSETCATALOG_COMPILER_APPICON_NAME = AppIcon;
				DEVELOPMENT_TEAM = 2LMY96FMMA;
				INFOPLIST_FILE = es_club/Info.plist;
				IPHONEOS_DEPLOYMENT_TARGET = 9.0;
				LD_RUNPATH_SEARCH_PATHS = "$(inherited) @executable_path/Frameworks";
				PRODUCT_BUNDLE_IDENTIFIER = "com.yinshen.es-club";
				PRODUCT_NAME = "$(TARGET_NAME)";
				SWIFT_OBJC_BRIDGING_HEADER = es_club/bridging.h;
				SWIFT_VERSION = 3.0;
			};
			name = Release;
		};
/* End XCBuildConfiguration section */

/* Begin XCConfigurationList section */
		2C6F7A2E1EDECEF4008268BE /* Build configuration list for PBXProject "es_club" */ = {
			isa = XCConfigurationList;
			buildConfigurations = (
				2C6F7A431EDECEF4008268BE /* Debug */,
				2C6F7A441EDECEF4008268BE /* Release */,
			);
			defaultConfigurationIsVisible = 0;
			defaultConfigurationName = Release;
		};
		2C6F7A451EDECEF4008268BE /* Build configuration list for PBXNativeTarget "es_club" */ = {
			isa = XCConfigurationList;
			buildConfigurations = (
				2C6F7A461EDECEF4008268BE /* Debug */,
				2C6F7A471EDECEF4008268BE /* Release */,
			);
			defaultConfigurationIsVisible = 0;
			defaultConfigurationName = Release;
		};
/* End XCConfigurationList section */
	};
	rootObject = 2C6F7A2B1EDECEF4008268BE /* Project object */;
}
